{
  "format_version": "1.2",
  "terraform_version": "1.7.1",
  "planned_values": {
    "root_module": {
      "resources": [
        {
          "address": "aws_s3_bucket.example",
          "mode": "managed",
          "type": "aws_s3_bucket",
          "name": "example",
          "provider_name": "registry.terraform.io/hashicorp/aws",
          "schema_version": 0,
          "values": {
            "bucket": "tf-test-trail",
            "force_destroy": true,
            "tags": null,
            "timeouts": null
          },
          "sensitive_values": {
            "cors_rule": [],
            "grant": [],
            "lifecycle_rule": [],
            "logging": [],
            "object_lock_configuration": [],
            "replication_configuration": [],
            "server_side_encryption_configuration": [],
            "tags_all": {},
            "versioning": [],
            "website": []
          }
        },
        {
          "address": "aws_s3_bucket_policy.example",
          "mode": "managed",
          "type": "aws_s3_bucket_policy",
          "name": "example",
          "provider_name": "registry.terraform.io/hashicorp/aws",
          "schema_version": 0,
          "sensitive_values": {}
        },
        {
          "address": "data.aws_iam_policy_document.example",
          "mode": "data",
          "type": "aws_iam_policy_document",
          "name": "example",
          "provider_name": "registry.terraform.io/hashicorp/aws",
          "schema_version": 0,
          "values": {
            "override_json": null,
            "override_policy_documents": null,
            "policy_id": null,
            "source_json": null,
            "source_policy_documents": null,
            "statement": [
              {
                "actions": [
                  "s3:GetBucketAcl"
                ],
                "condition": [
                  {
                    "test": "StringEquals",
                    "values": [
                      "arn:aws:cloudtrail:us-west-2:844333597536:trail/example"
                    ],
                    "variable": "aws:SourceArn"
                  }
                ],
                "effect": "Allow",
                "not_actions": null,
                "not_principals": [],
                "not_resources": null,
                "principals": [
                  {
                    "identifiers": [
                      "cloudtrail.amazonaws.com"
                    ],
                    "type": "Service"
                  }
                ],
                "resources": [
                  null
                ],
                "sid": "AWSCloudTrailAclCheck"
              },
              {
                "actions": [
                  "s3:PutObject"
                ],
                "condition": [
                  {
                    "test": "StringEquals",
                    "values": [
                      "arn:aws:cloudtrail:us-west-2:844333597536:trail/example"
                    ],
                    "variable": "aws:SourceArn"
                  },
                  {
                    "test": "StringEquals",
                    "values": [
                      "bucket-owner-full-control"
                    ],
                    "variable": "s3:x-amz-acl"
                  }
                ],
                "effect": "Allow",
                "not_actions": null,
                "not_principals": [],
                "not_resources": null,
                "principals": [
                  {
                    "identifiers": [
                      "cloudtrail.amazonaws.com"
                    ],
                    "type": "Service"
                  }
                ],
                "resources": [
                  null
                ],
                "sid": "AWSCloudTrailWrite"
              }
            ],
            "version": null
          },
          "sensitive_values": {
            "statement": [
              {
                "actions": [
                  false
                ],
                "condition": [
                  {
                    "values": [
                      false
                    ]
                  }
                ],
                "not_principals": [],
                "principals": [
                  {
                    "identifiers": [
                      false
                    ]
                  }
                ],
                "resources": [
                  false
                ]
              },
              {
                "actions": [
                  false
                ],
                "condition": [
                  {
                    "values": [
                      false
                    ]
                  },
                  {
                    "values": [
                      false
                    ]
                  }
                ],
                "not_principals": [],
                "principals": [
                  {
                    "identifiers": [
                      false
                    ]
                  }
                ],
                "resources": [
                  false
                ]
              }
            ]
          }
        }
      ]
    }
  },
  "resource_changes": [
    {
      "address": "data.aws_iam_policy_document.example",
      "mode": "data",
      "type": "aws_iam_policy_document",
      "name": "example",
      "provider_name": "registry.terraform.io/hashicorp/aws",
      "change": {
        "actions": [
          "read"
        ],
        "before": null,
        "after": {
          "override_json": null,
          "override_policy_documents": null,
          "policy_id": null,
          "source_json": null,
          "source_policy_documents": null,
          "statement": [
            {
              "actions": [
                "s3:GetBucketAcl"
              ],
              "condition": [
                {
                  "test": "StringEquals",
                  "values": [
                    "arn:aws:cloudtrail:us-west-2:844333597536:trail/example"
                  ],
                  "variable": "aws:SourceArn"
                }
              ],
              "effect": "Allow",
              "not_actions": null,
              "not_principals": [],
              "not_resources": null,
              "principals": [
                {
                  "identifiers": [
                    "cloudtrail.amazonaws.com"
                  ],
                  "type": "Service"
                }
              ],
              "resources": [
                null
              ],
              "sid": "AWSCloudTrailAclCheck"
            },
            {
              "actions": [
                "s3:PutObject"
              ],
              "condition": [
                {
                  "test": "StringEquals",
                  "values": [
                    "arn:aws:cloudtrail:us-west-2:844333597536:trail/example"
                  ],
                  "variable": "aws:SourceArn"
                },
                {
                  "test": "StringEquals",
                  "values": [
                    "bucket-owner-full-control"
                  ],
                  "variable": "s3:x-amz-acl"
                }
              ],
              "effect": "Allow",
              "not_actions": null,
              "not_principals": [],
              "not_resources": null,
              "principals": [
                {
                  "identifiers": [
                    "cloudtrail.amazonaws.com"
                  ],
                  "type": "Service"
                }
              ],
              "resources": [
                null
              ],
              "sid": "AWSCloudTrailWrite"
            }
          ],
          "version": null
        },
        "after_unknown": {
          "id": true,
          "json": true,
          "statement": [
            {
              "actions": [
                false
              ],
              "condition": [
                {
                  "values": [
                    false
                  ]
                }
              ],
              "not_principals": [],
              "principals": [
                {
                  "identifiers": [
                    false
                  ]
                }
              ],
              "resources": [
                true
              ]
            },
            {
              "actions": [
                false
              ],
              "condition": [
                {
                  "values": [
                    false
                  ]
                },
                {
                  "values": [
                    false
                  ]
                }
              ],
              "not_principals": [],
              "principals": [
                {
                  "identifiers": [
                    false
                  ]
                }
              ],
              "resources": [
                true
              ]
            }
          ]
        },
        "before_sensitive": false,
        "after_sensitive": {
          "statement": [
            {
              "actions": [
                false
              ],
              "condition": [
                {
                  "values": [
                    false
                  ]
                }
              ],
              "not_principals": [],
              "principals": [
                {
                  "identifiers": [
                    false
                  ]
                }
              ],
              "resources": [
                false
              ]
            },
            {
              "actions": [
                false
              ],
              "condition": [
                {
                  "values": [
                    false
                  ]
                },
                {
                  "values": [
                    false
                  ]
                }
              ],
              "not_principals": [],
              "principals": [
                {
                  "identifiers": [
                    false
                  ]
                }
              ],
              "resources": [
                false
              ]
            }
          ]
        }
      },
      "action_reason": "read_because_config_unknown"
    },
    {
      "address": "aws_s3_bucket.example",
      "mode": "managed",
      "type": "aws_s3_bucket",
      "name": "example",
      "provider_name": "registry.terraform.io/hashicorp/aws",
      "change": {
        "actions": [
          "create"
        ],
        "before": null,
        "after": {
          "bucket": "tf-test-trail",
          "force_destroy": true,
          "tags": null,
          "timeouts": null
        },
        "after_unknown": {
          "acceleration_status": true,
          "acl": true,
          "arn": true,
          "bucket_domain_name": true,
          "bucket_prefix": true,
          "bucket_regional_domain_name": true,
          "cors_rule": true,
          "grant": true,
          "hosted_zone_id": true,
          "id": true,
          "lifecycle_rule": true,
          "logging": true,
          "object_lock_configuration": true,
          "object_lock_enabled": true,
          "policy": true,
          "region": true,
          "replication_configuration": true,
          "request_payer": true,
          "server_side_encryption_configuration": true,
          "tags_all": true,
          "versioning": true,
          "website": true,
          "website_domain": true,
          "website_endpoint": true
        },
        "before_sensitive": false,
        "after_sensitive": {
          "cors_rule": [],
          "grant": [],
          "lifecycle_rule": [],
          "logging": [],
          "object_lock_configuration": [],
          "replication_configuration": [],
          "server_side_encryption_configuration": [],
          "tags_all": {},
          "versioning": [],
          "website": []
        }
      }
    },
    {
      "address": "aws_s3_bucket_policy.example",
      "mode": "managed",
      "type": "aws_s3_bucket_policy",
      "name": "example",
      "provider_name": "registry.terraform.io/hashicorp/aws",
      "change": {
        "actions": [
          "create"
        ],
        "before": null,
        "after": {},
        "after_unknown": {
          "bucket": true,
          "id": true,
          "policy": true
        },
        "before_sensitive": false,
        "after_sensitive": {}
      }
    }
  ],
  "prior_state": {
    "format_version": "1.0",
    "terraform_version": "1.7.1",
    "values": {
      "root_module": {
        "resources": [
          {
            "address": "data.aws_caller_identity.current",
            "mode": "data",
            "type": "aws_caller_identity",
            "name": "current",
            "provider_name": "registry.terraform.io/hashicorp/aws",
            "schema_version": 0,
            "values": {
              "account_id": "844333597536",
              "arn": "arn:aws:sts::844333597536:assumed-role/AWSReservedSSO_PowerUserAccess_b743e36821508738/nitish.kumar@nirmata.com",
              "id": "844333597536",
              "user_id": "AROA4JFRUINQC7VCOQ7UD:nitish.kumar@nirmata.com"
            },
            "sensitive_values": {}
          },
          {
            "address": "data.aws_partition.current",
            "mode": "data",
            "type": "aws_partition",
            "name": "current",
            "provider_name": "registry.terraform.io/hashicorp/aws",
            "schema_version": 0,
            "values": {
              "dns_suffix": "amazonaws.com",
              "id": "aws",
              "partition": "aws",
              "reverse_dns_prefix": "com.amazonaws"
            },
            "sensitive_values": {}
          },
          {
            "address": "data.aws_region.current",
            "mode": "data",
            "type": "aws_region",
            "name": "current",
            "provider_name": "registry.terraform.io/hashicorp/aws",
            "schema_version": 0,
            "values": {
              "description": "US West (Oregon)",
              "endpoint": "ec2.us-west-2.amazonaws.com",
              "id": "us-west-2",
              "name": "us-west-2"
            },
            "sensitive_values": {}
          }
        ]
      }
    }
  },
  "configuration": {
    "provider_config": {
      "aws": {
        "name": "aws",
        "full_name": "registry.terraform.io/hashicorp/aws",
        "version_constraint": "~> 4.16",
        "expressions": {
        }
      }
    },
    "root_module": {
      "resources": [
        {
          "address": "aws_s3_bucket.example",
          "mode": "managed",
          "type": "aws_s3_bucket",
          "name": "example",
          "provider_config_key": "aws",
          "expressions": {
            "bucket": {
              "constant_value": "tf-test-trail"
            },
            "force_destroy": {
              "constant_value": true
            }
          },
          "schema_version": 0
        },
        {
          "address": "aws_s3_bucket_policy.example",
          "mode": "managed",
          "type": "aws_s3_bucket_policy",
          "name": "example",
          "provider_config_key": "aws",
          "expressions": {
            "bucket": {
              "references": [
                "aws_s3_bucket.example.id",
                "aws_s3_bucket.example"
              ]
            },
            "policy": {
              "references": [
                "data.aws_iam_policy_document.example.json",
                "data.aws_iam_policy_document.example"
              ]
            }
          },
          "schema_version": 0
        },
        {
          "address": "data.aws_caller_identity.current",
          "mode": "data",
          "type": "aws_caller_identity",
          "name": "current",
          "provider_config_key": "aws",
          "schema_version": 0
        },
        {
          "address": "data.aws_iam_policy_document.example",
          "mode": "data",
          "type": "aws_iam_policy_document",
          "name": "example",
          "provider_config_key": "aws",
          "expressions": {
            "statement": [
              {
                "actions": {
                  "constant_value": [
                    "s3:GetBucketAcl"
                  ]
                },
                "condition": [
                  {
                    "test": {
                      "constant_value": "StringEquals"
                    },
                    "values": {
                      "references": [
                        "data.aws_partition.current.partition",
                        "data.aws_partition.current",
                        "data.aws_region.current.name",
                        "data.aws_region.current",
                        "data.aws_caller_identity.current.account_id",
                        "data.aws_caller_identity.current"
                      ]
                    },
                    "variable": {
                      "constant_value": "aws:SourceArn"
                    }
                  }
                ],
                "effect": {
                  "constant_value": "Allow"
                },
                "principals": [
                  {
                    "identifiers": {
                      "constant_value": [
                        "cloudtrail.amazonaws.com"
                      ]
                    },
                    "type": {
                      "constant_value": "Service"
                    }
                  }
                ],
                "resources": {
                  "references": [
                    "aws_s3_bucket.example.arn",
                    "aws_s3_bucket.example"
                  ]
                },
                "sid": {
                  "constant_value": "AWSCloudTrailAclCheck"
                }
              },
              {
                "actions": {
                  "constant_value": [
                    "s3:PutObject"
                  ]
                },
                "condition": [
                  {
                    "test": {
                      "constant_value": "StringEquals"
                    },
                    "values": {
                      "constant_value": [
                        "bucket-owner-full-control"
                      ]
                    },
                    "variable": {
                      "constant_value": "s3:x-amz-acl"
                    }
                  },
                  {
                    "test": {
                      "constant_value": "StringEquals"
                    },
                    "values": {
                      "references": [
                        "data.aws_partition.current.partition",
                        "data.aws_partition.current",
                        "data.aws_region.current.name",
                        "data.aws_region.current",
                        "data.aws_caller_identity.current.account_id",
                        "data.aws_caller_identity.current"
                      ]
                    },
                    "variable": {
                      "constant_value": "aws:SourceArn"
                    }
                  }
                ],
                "effect": {
                  "constant_value": "Allow"
                },
                "principals": [
                  {
                    "identifiers": {
                      "constant_value": [
                        "cloudtrail.amazonaws.com"
                      ]
                    },
                    "type": {
                      "constant_value": "Service"
                    }
                  }
                ],
                "resources": {
                  "references": [
                    "aws_s3_bucket.example.arn",
                    "aws_s3_bucket.example",
                    "data.aws_caller_identity.current.account_id",
                    "data.aws_caller_identity.current"
                  ]
                },
                "sid": {
                  "constant_value": "AWSCloudTrailWrite"
                }
              }
            ]
          },
          "schema_version": 0
        },
        {
          "address": "data.aws_partition.current",
          "mode": "data",
          "type": "aws_partition",
          "name": "current",
          "provider_config_key": "aws",
          "schema_version": 0
        },
        {
          "address": "data.aws_region.current",
          "mode": "data",
          "type": "aws_region",
          "name": "current",
          "provider_config_key": "aws",
          "schema_version": 0
        }
      ]
    }
  },
  "relevant_attributes": [
    {
      "resource": "aws_s3_bucket.example",
      "attribute": [
        "id"
      ]
    },
    {
      "resource": "data.aws_iam_policy_document.example",
      "attribute": [
        "json"
      ]
    },
    {
      "resource": "aws_s3_bucket.example",
      "attribute": [
        "arn"
      ]
    },
    {
      "resource": "data.aws_partition.current",
      "attribute": [
        "partition"
      ]
    },
    {
      "resource": "data.aws_region.current",
      "attribute": [
        "name"
      ]
    },
    {
      "resource": "data.aws_caller_identity.current",
      "attribute": [
        "account_id"
      ]
    }
  ],
  "timestamp": "2024-02-01T05:06:19Z",
  "errored": false
}
