{
  "format_version": "1.2",
  "terraform_version": "1.6.6",
  "planned_values": {
    "root_module": {
      "resources": [
        {
          "address": "aws_s3_bucket.example",
          "mode": "managed",
          "type": "aws_s3_bucket",
          "name": "example",
          "provider_name": "registry.terraform.io/hashicorp/aws",
          "schema_version": 0,
          "values": {
            "bucket": "test-bucket-demo-18012003",
            "force_destroy": false,
            "tags": null,
            "timeouts": null
          },
          "sensitive_values": {
            "cors_rule": [],
            "grant": [],
            "lifecycle_rule": [],
            "logging": [],
            "object_lock_configuration": [],
            "replication_configuration": [],
            "server_side_encryption_configuration": [],
            "tags_all": {},
            "versioning": [],
            "website": []
          }
        },
        {
          "address": "aws_s3_bucket_versioning.versioning_example",
          "mode": "managed",
          "type": "aws_s3_bucket_versioning",
          "name": "versioning_example",
          "provider_name": "registry.terraform.io/hashicorp/aws",
          "schema_version": 0,
          "values": {
            "expected_bucket_owner": null,
            "mfa": null,
            "versioning_configuration": [
              {
                "status": "Disabled"
              }
            ]
          },
          "sensitive_values": {
            "versioning_configuration": [
              {}
            ]
          }
        }
      ]
    }
  },
  "resource_changes": [
    {
      "address": "aws_s3_bucket.example",
      "mode": "managed",
      "type": "aws_s3_bucket",
      "name": "example",
      "provider_name": "registry.terraform.io/hashicorp/aws",
      "change": {
        "actions": [
          "create"
        ],
        "before": null,
        "after": {
          "bucket": "test-bucket-demo-18012003",
          "force_destroy": false,
          "tags": null,
          "timeouts": null
        },
        "after_unknown": {
          "acceleration_status": true,
          "acl": true,
          "arn": true,
          "bucket_domain_name": true,
          "bucket_prefix": true,
          "bucket_regional_domain_name": true,
          "cors_rule": true,
          "grant": true,
          "hosted_zone_id": true,
          "id": true,
          "lifecycle_rule": true,
          "logging": true,
          "object_lock_configuration": true,
          "object_lock_enabled": true,
          "policy": true,
          "region": true,
          "replication_configuration": true,
          "request_payer": true,
          "server_side_encryption_configuration": true,
          "tags_all": true,
          "versioning": true,
          "website": true,
          "website_domain": true,
          "website_endpoint": true
        },
        "before_sensitive": false,
        "after_sensitive": {
          "cors_rule": [],
          "grant": [],
          "lifecycle_rule": [],
          "logging": [],
          "object_lock_configuration": [],
          "replication_configuration": [],
          "server_side_encryption_configuration": [],
          "tags_all": {},
          "versioning": [],
          "website": []
        }
      }
    },
    {
      "address": "aws_s3_bucket_versioning.versioning_example",
      "mode": "managed",
      "type": "aws_s3_bucket_versioning",
      "name": "versioning_example",
      "provider_name": "registry.terraform.io/hashicorp/aws",
      "change": {
        "actions": [
          "create"
        ],
        "before": null,
        "after": {
          "expected_bucket_owner": null,
          "mfa": null,
          "versioning_configuration": [
            {
              "status": "Disabled"
            }
          ]
        },
        "after_unknown": {
          "bucket": true,
          "id": true,
          "versioning_configuration": [
            {
              "mfa_delete": true
            }
          ]
        },
        "before_sensitive": false,
        "after_sensitive": {
          "versioning_configuration": [
            {}
          ]
        }
      }
    }
  ],
  "configuration": {
    "provider_config": {
      "aws": {
        "name": "aws",
        "full_name": "registry.terraform.io/hashicorp/aws",
        "version_constraint": "~> 4.16",
        "expressions": {
          "access_key": {
            "constant_value": "ASIA4JFRUINQBMQQJ3W3"
          },
          "region": {
            "constant_value": "us-west-2"
          },
          "secret_key": {
            "constant_value": "4PxPNx0vkdZc1yVyD0LwAtYFmLoFl5QIcmOR5FTa"
          },
          "token": {
            "constant_value": "IQoJb3JpZ2luX2VjEKT//////////wEaCXVzLWVhc3QtMiJGMEQCIGWSSoA+mJPg9zLlxzNZksgKQCsqtYsEIplQvbgwcJmgAiBNxZ7hyPFORmLps3rSbyQs/OkN6N5ycxuru3Paons1GSqOAwhdEAMaDDg0NDMzMzU5NzUzNiIMV51T3H3mRwwxLVykKusC9wvfWonATRhipeSU8mj8Pi7/amzFwxLb6GhnDlLnuRV/caVOpjDR7WjJao5u1F4tO3wV7BTdlvotta5Px7flYorNqgHLtvHqgvA1FNmspk68/vNqS/fsT3gt+WGiUMRk/jel3nwz1pDbRZzwZw09ypAbayk0kpBHCl5ERPsnB+tKkmsByPc59UULMaLQvr6hl3x/AU+bxuUyhuOQMT+s0PoQvFLKh/tSDXqCZrSKnjl4cUYswKFuOTPk/9YBOcC/MQOjgN0SNM2Lq5i29MBmfFJYN0HZlJFlmvTTY0+hUqWCQ+d3qxfx57WZguKJMOObN0rnQ839wC+PlpE+TFFOl5WD/1d84cyZGnbqXHsuoRIfRW00Ty/9hSEJN0GdeKAv0O5GTrvT2dX7YsBgMIDmAE03ntz58Wy04WxRSrdVaM9kkIC7SuOiwm2BD9hJ46OU8fLntzrHoCm+VLSwSGDi0zRUTMXjqeeyGGIRMKTMvq0GOqcB5taXpMIF83kPcI659QQ1Hi7b9TxP/Y9M9Zai3IfPeKmWspIc03a9IbhrWm4v74dML693AfR4TSkDtUxOJ27dpmXYDHnpTz0oFHuXoCuPAYZis68qYg21RPaoVuWLMFR+QMsl4eVFXkkr59cCfP35AzzZmWImt4tKD1kf2hGQxmYkGPObkV1BZRR5rzM2gIZER69R0aPL765f45Q7myDdonJcxeK62PU="
          }
        }
      }
    },
    "root_module": {
      "resources": [
        {
          "address": "aws_s3_bucket.example",
          "mode": "managed",
          "type": "aws_s3_bucket",
          "name": "example",
          "provider_config_key": "aws",
          "expressions": {
            "bucket": {
              "constant_value": "test-bucket-demo-18012003"
            }
          },
          "schema_version": 0
        },
        {
          "address": "aws_s3_bucket_versioning.versioning_example",
          "mode": "managed",
          "type": "aws_s3_bucket_versioning",
          "name": "versioning_example",
          "provider_config_key": "aws",
          "expressions": {
            "bucket": {
              "references": [
                "aws_s3_bucket.example.id",
                "aws_s3_bucket.example"
              ]
            },
            "versioning_configuration": [
              {
                "status": {
                  "constant_value": "Disabled"
                }
              }
            ]
          },
          "schema_version": 0
        }
      ]
    }
  },
  "relevant_attributes": [
    {
      "resource": "aws_s3_bucket.example",
      "attribute": [
        "id"
      ]
    }
  ],
  "timestamp": "2024-01-23T11:46:49Z",
  "errored": false
}
