{
  "format_version": "1.2",
  "terraform_version": "1.7.1",
  "planned_values": {
    "root_module": {
      "resources": [
        {
          "address": "aws_s3_bucket.test_bucket",
          "mode": "managed",
          "type": "aws_s3_bucket",
          "name": "test_bucket",
          "provider_name": "registry.terraform.io/hashicorp/aws",
          "schema_version": 0,
          "values": {
            "bucket": "test-bucket-nitish-demo",
            "force_destroy": false,
            "tags": null,
            "timeouts": null
          },
          "sensitive_values": {
            "cors_rule": [],
            "grant": [],
            "lifecycle_rule": [],
            "logging": [],
            "object_lock_configuration": [],
            "replication_configuration": [],
            "server_side_encryption_configuration": [],
            "tags_all": {},
            "versioning": [],
            "website": []
          }
        },
        {
          "address": "aws_s3_bucket_policy.bucket_policy",
          "mode": "managed",
          "type": "aws_s3_bucket_policy",
          "name": "bucket_policy",
          "provider_name": "registry.terraform.io/hashicorp/aws",
          "schema_version": 0,
          "values": {
            "policy": "{\"Statement\":[{\"Action\":[\"s3:GetObject\"],\"Effect\":\"Allow\",\"Principal\":\"*\",\"Resource\":[\"arn:aws:s3:::test-bucket-nitish-demo/*\"],\"Sid\":\"PublicRead\"}],\"Version\":\"2012-10-17\"}"
          },
          "sensitive_values": {}
        },
        {
          "address": "aws_s3_bucket_public_access_block.example",
          "mode": "managed",
          "type": "aws_s3_bucket_public_access_block",
          "name": "example",
          "provider_name": "registry.terraform.io/hashicorp/aws",
          "schema_version": 0,
          "values": {
            "block_public_acls": false,
            "block_public_policy": false,
            "ignore_public_acls": false,
            "restrict_public_buckets": false
          },
          "sensitive_values": {}
        }
      ]
    }
  },
  "resource_drift": [
    {
      "address": "aws_s3_bucket.test_bucket",
      "mode": "managed",
      "type": "aws_s3_bucket",
      "name": "test_bucket",
      "provider_name": "registry.terraform.io/hashicorp/aws",
      "change": {
        "actions": [
          "delete"
        ],
        "before": {
          "acceleration_status": "",
          "acl": null,
          "arn": "arn:aws:s3:::test-bucket-nitish-demo",
          "bucket": "test-bucket-nitish-demo",
          "bucket_domain_name": "test-bucket-nitish-demo.s3.amazonaws.com",
          "bucket_prefix": "",
          "bucket_regional_domain_name": "test-bucket-nitish-demo.s3.us-west-2.amazonaws.com",
          "cors_rule": [],
          "force_destroy": false,
          "grant": [
            {
              "id": "62ea66bd2e8f7e76e4fb466e942a41389d6057fcc90d732feaac373bb0d0a7a5",
              "permissions": [
                "FULL_CONTROL"
              ],
              "type": "CanonicalUser",
              "uri": ""
            }
          ],
          "hosted_zone_id": "Z3BJ6K6RIION7M",
          "id": "test-bucket-nitish-demo",
          "lifecycle_rule": [],
          "logging": [],
          "object_lock_configuration": [],
          "object_lock_enabled": false,
          "policy": "",
          "region": "us-west-2",
          "replication_configuration": [],
          "request_payer": "BucketOwner",
          "server_side_encryption_configuration": [
            {
              "rule": [
                {
                  "apply_server_side_encryption_by_default": [
                    {
                      "kms_master_key_id": "",
                      "sse_algorithm": "AES256"
                    }
                  ],
                  "bucket_key_enabled": false
                }
              ]
            }
          ],
          "tags": {},
          "tags_all": {},
          "timeouts": null,
          "versioning": [
            {
              "enabled": false,
              "mfa_delete": false
            }
          ],
          "website": [],
          "website_domain": null,
          "website_endpoint": null
        },
        "after": null,
        "after_unknown": {},
        "before_sensitive": {
          "cors_rule": [],
          "grant": [
            {
              "permissions": [
                false
              ]
            }
          ],
          "lifecycle_rule": [],
          "logging": [],
          "object_lock_configuration": [],
          "replication_configuration": [],
          "server_side_encryption_configuration": [
            {
              "rule": [
                {
                  "apply_server_side_encryption_by_default": [
                    {}
                  ]
                }
              ]
            }
          ],
          "tags": {},
          "tags_all": {},
          "versioning": [
            {}
          ],
          "website": []
        },
        "after_sensitive": false
      }
    },
    {
      "address": "aws_s3_bucket_policy.bucket_policy",
      "mode": "managed",
      "type": "aws_s3_bucket_policy",
      "name": "bucket_policy",
      "provider_name": "registry.terraform.io/hashicorp/aws",
      "change": {
        "actions": [
          "delete"
        ],
        "before": {
          "bucket": "test-bucket-nitish-demo",
          "id": "test-bucket-nitish-demo",
          "policy": "{\"Statement\":[{\"Action\":[\"s3:GetObject\"],\"Effect\":\"Allow\",\"Principal\":\"*\",\"Resource\":[\"arn:aws:s3:::test-bucket-nitish-demo/*\"],\"Sid\":\"PublicRead\"}],\"Version\":\"2012-10-17\"}"
        },
        "after": null,
        "after_unknown": {},
        "before_sensitive": {},
        "after_sensitive": false
      }
    },
    {
      "address": "aws_s3_bucket_public_access_block.example",
      "mode": "managed",
      "type": "aws_s3_bucket_public_access_block",
      "name": "example",
      "provider_name": "registry.terraform.io/hashicorp/aws",
      "change": {
        "actions": [
          "delete"
        ],
        "before": {
          "block_public_acls": false,
          "block_public_policy": false,
          "bucket": "test-bucket-nitish-demo",
          "id": "test-bucket-nitish-demo",
          "ignore_public_acls": false,
          "restrict_public_buckets": false
        },
        "after": null,
        "after_unknown": {},
        "before_sensitive": {},
        "after_sensitive": false
      }
    }
  ],
  "resource_changes": [
    {
      "address": "aws_s3_bucket.test_bucket",
      "mode": "managed",
      "type": "aws_s3_bucket",
      "name": "test_bucket",
      "provider_name": "registry.terraform.io/hashicorp/aws",
      "change": {
        "actions": [
          "create"
        ],
        "before": null,
        "after": {
          "bucket": "test-bucket-nitish-demo",
          "force_destroy": false,
          "tags": null,
          "timeouts": null
        },
        "after_unknown": {
          "acceleration_status": true,
          "acl": true,
          "arn": true,
          "bucket_domain_name": true,
          "bucket_prefix": true,
          "bucket_regional_domain_name": true,
          "cors_rule": true,
          "grant": true,
          "hosted_zone_id": true,
          "id": true,
          "lifecycle_rule": true,
          "logging": true,
          "object_lock_configuration": true,
          "object_lock_enabled": true,
          "policy": true,
          "region": true,
          "replication_configuration": true,
          "request_payer": true,
          "server_side_encryption_configuration": true,
          "tags_all": true,
          "versioning": true,
          "website": true,
          "website_domain": true,
          "website_endpoint": true
        },
        "before_sensitive": false,
        "after_sensitive": {
          "cors_rule": [],
          "grant": [],
          "lifecycle_rule": [],
          "logging": [],
          "object_lock_configuration": [],
          "replication_configuration": [],
          "server_side_encryption_configuration": [],
          "tags_all": {},
          "versioning": [],
          "website": []
        }
      }
    },
    {
      "address": "aws_s3_bucket_policy.bucket_policy",
      "mode": "managed",
      "type": "aws_s3_bucket_policy",
      "name": "bucket_policy",
      "provider_name": "registry.terraform.io/hashicorp/aws",
      "change": {
        "actions": [
          "create"
        ],
        "before": null,
        "after": {
          "policy": "{\"Statement\":[{\"Action\":[\"s3:GetObject\"],\"Effect\":\"Allow\",\"Principal\":\"*\",\"Resource\":[\"arn:aws:s3:::test-bucket-nitish-demo/*\"],\"Sid\":\"PublicRead\"}],\"Version\":\"2012-10-17\"}"
        },
        "after_unknown": {
          "bucket": true,
          "id": true
        },
        "before_sensitive": false,
        "after_sensitive": {}
      }
    },
    {
      "address": "aws_s3_bucket_public_access_block.example",
      "mode": "managed",
      "type": "aws_s3_bucket_public_access_block",
      "name": "example",
      "provider_name": "registry.terraform.io/hashicorp/aws",
      "change": {
        "actions": [
          "create"
        ],
        "before": null,
        "after": {
          "block_public_acls": false,
          "block_public_policy": false,
          "ignore_public_acls": false,
          "restrict_public_buckets": false
        },
        "after_unknown": {
          "bucket": true,
          "id": true
        },
        "before_sensitive": false,
        "after_sensitive": {}
      }
    }
  ],
  "configuration": {
    "provider_config": {
      "aws": {
        "name": "aws",
        "full_name": "registry.terraform.io/hashicorp/aws",
        "version_constraint": "~> 4.16",
        "expressions": {
          "access_key": {
            "constant_value": "ASIA4JFRUINQDJ63JRPV"
          },
          "region": {
            "constant_value": "us-west-2"
          },
          "secret_key": {
            "constant_value": "gAFsTyJdi6RALNnuDfqlUQzjXaifD4fnUw6NFekX"
          },
          "token": {
            "constant_value": "IQoJb3JpZ2luX2VjEHQaCXVzLWVhc3QtMiJGMEQCIG1RGQQwt7CIJs02nOCFt+kelKseB60CArbWpoZfk+9uAiA1o6KJiZCLlV3m+KGubfZxuH0OU/0CXtOQTgM3OlMXYyqOAwg9EAMaDDg0NDMzMzU5NzUzNiIMLMmi6QDJrZGqUfIPKusC1jfkpVOsTjvutwYIZO4fNrJjZ0iF1wKXRKERQLlzTCkYKyb0tXZd4CA5c/MdBzbbFWUTw+tP4yHbi4+xoVL3pjBctEh0817v3H7BhtiJNEnOk5Ikrqson5GsaJiH7R0dc3qTNKv6Vbz1shtC/E1jV4l2hj/OvpVzP/jkIUB/BwRW5Xa1tg7B/TyyrrXnuCcUHNlDn/iec0riN7kM9zBgI6nIJ7/5uChCXriTuhFzzkv15brUmngg3xyt6nigj/5eFNablKSQ8WjxnPxn7kdbenIaxA1ch+/V5X1b4SMYAwnzVic1FCxVzJTQG5qHj11M18gBQwtfdCFVG5X6J8KtYUZ5g0BRBaPigSDQxm5abxg2NlwoYHXHfOQ1nGtSsEM/9vdbCRFUmTTUXWCjQOa/hdYMNJxt7HZbm7oBQ2QYXF1XAMetUYBP8ePIBg/SBoe+NjCu4jdyOIrVgzL2PCronZbfjGJYGdExncxcMMWk7K0GOqcBw6+aNT4tiDyMuhPyLFKhfYQtPc5TE7R7rTfj6zzeW25SAh1bwpUZIOPd/cS7QtcyKbi3NUygbkHeJiCi7Afzy19kk5AP808OVjPToHORiUp2/LQXgY2mUXAyXap1lzMV7iP4+zILBZYlTV+oh7nKxOFR1EulMK++7BxzcSGYKbEXbg0V5Yxg857KayC0WerQWO1OOZVD7qigyDV6adY1s6JVTQm/RQc="
          }
        }
      }
    },
    "root_module": {
      "resources": [
        {
          "address": "aws_s3_bucket.test_bucket",
          "mode": "managed",
          "type": "aws_s3_bucket",
          "name": "test_bucket",
          "provider_config_key": "aws",
          "expressions": {
            "bucket": {
              "constant_value": "test-bucket-nitish-demo"
            }
          },
          "schema_version": 0
        },
        {
          "address": "aws_s3_bucket_policy.bucket_policy",
          "mode": "managed",
          "type": "aws_s3_bucket_policy",
          "name": "bucket_policy",
          "provider_config_key": "aws",
          "expressions": {
            "bucket": {
              "references": [
                "aws_s3_bucket.test_bucket.id",
                "aws_s3_bucket.test_bucket"
              ]
            },
            "policy": {
              "constant_value": "{\n  \"Version\": \"2012-10-17\",\n  \"Statement\": [\n    {\n      \"Sid\": \"PublicRead\",\n      \"Effect\": \"Allow\",\n      \"Principal\": \"*\",\n      \"Action\": [\"s3:GetObject\"],\n      \"Resource\": [\n        \"arn:aws:s3:::test-bucket-nitish-demo/*\"\n      ]\n    }\n  ]\n}\n"
            }
          },
          "schema_version": 0
        },
        {
          "address": "aws_s3_bucket_public_access_block.example",
          "mode": "managed",
          "type": "aws_s3_bucket_public_access_block",
          "name": "example",
          "provider_config_key": "aws",
          "expressions": {
            "block_public_acls": {
              "constant_value": false
            },
            "block_public_policy": {
              "constant_value": false
            },
            "bucket": {
              "references": [
                "aws_s3_bucket.test_bucket.id",
                "aws_s3_bucket.test_bucket"
              ]
            },
            "ignore_public_acls": {
              "constant_value": false
            },
            "restrict_public_buckets": {
              "constant_value": false
            }
          },
          "schema_version": 0
        }
      ]
    }
  },
  "relevant_attributes": [
    {
      "resource": "aws_s3_bucket.test_bucket",
      "attribute": [
        "id"
      ]
    }
  ],
  "timestamp": "2024-02-01T03:53:38Z",
  "errored": false
}
