{
    "format_version": "1.2",
    "terraform_version": "1.8.4",
    "planned_values": {
        "root_module": {
            "resources": [
                {
                    "address": "aws_iam_role.lambda_exec",
                    "mode": "managed",
                    "type": "aws_iam_role",
                    "name": "lambda_exec",
                    "provider_name": "registry.terraform.io/hashicorp/aws",
                    "schema_version": 0,
                    "values": {
                        "assume_role_policy": "{\"Statement\":[{\"Action\":\"sts:AssumeRole\",\"Effect\":\"Allow\",\"Principal\":{\"Service\":\"lambda.amazonaws.com\"}}],\"Version\":\"2012-10-17\"}",
                        "description": null,
                        "force_detach_policies": false,
                        "max_session_duration": 3600,
                        "name": "lambda_exec_role",
                        "path": "/",
                        "permissions_boundary": null,
                        "tags": null
                    },
                    "sensitive_values": {
                        "inline_policy": [],
                        "managed_policy_arns": [],
                        "tags_all": {}
                    }
                },
                {
                    "address": "aws_iam_role_policy_attachment.lambda_exec_policy",
                    "mode": "managed",
                    "type": "aws_iam_role_policy_attachment",
                    "name": "lambda_exec_policy",
                    "provider_name": "registry.terraform.io/hashicorp/aws",
                    "schema_version": 0,
                    "values": {
                        "policy_arn": "arn:aws:iam::aws:policy/service-role/AWSLambdaBasicExecutionRole",
                        "role": "lambda_exec_role"
                    },
                    "sensitive_values": {}
                },
                {
                    "address": "aws_lambda_function.example",
                    "mode": "managed",
                    "type": "aws_lambda_function",
                    "name": "example",
                    "provider_name": "registry.terraform.io/hashicorp/aws",
                    "schema_version": 0,
                    "values": {
                        "code_signing_config_arn": null,
                        "dead_letter_config": [],
                        "description": null,
                        "environment": [],
                        "file_system_config": [],
                        "filename": "",
                        "function_name": "example_lambda",
                        "handler": "index.lambda_handler",
                        "image_config": [],
                        "image_uri": null,
                        "kms_key_arn": null,
                        "layers": null,
                        "memory_size": 128,
                        "package_type": "Zip",
                        "publish": false,
                        "replace_security_groups_on_destroy": null,
                        "replacement_security_group_ids": null,
                        "reserved_concurrent_executions": -1,
                        "runtime": "python3.8",
                        "s3_bucket": null,
                        "s3_key": null,
                        "s3_object_version": null,
                        "skip_destroy": false,
                        "snap_start": [],
                        "tags": null,
                        "timeout": 3,
                        "timeouts": null,
                        "vpc_config": []
                    },
                    "sensitive_values": {
                        "architectures": [],
                        "dead_letter_config": [],
                        "environment": [],
                        "ephemeral_storage": [],
                        "file_system_config": [],
                        "image_config": [],
                        "logging_config": [],
                        "snap_start": [],
                        "tags_all": {},
                        "tracing_config": [],
                        "vpc_config": []
                    }
                },
                {
                    "address": "aws_lambda_permission.example_permission",
                    "mode": "managed",
                    "type": "aws_lambda_permission",
                    "name": "example_permission",
                    "provider_name": "registry.terraform.io/hashicorp/aws",
                    "schema_version": 0,
                    "values": {
                        "action": "lambda:InvokeFunction",
                        "event_source_token": null,
                        "function_name": "example_lambda",
                        "function_url_auth_type": null,
                        "principal": "*",
                        "principal_org_id": null,
                        "qualifier": null,
                        "source_account": null,
                        "source_arn": null
                    },
                    "sensitive_values": {}
                }
            ]
        }
    },
    "resource_changes": [
        {
            "address": "aws_iam_role.lambda_exec",
            "mode": "managed",
            "type": "aws_iam_role",
            "name": "lambda_exec",
            "provider_name": "registry.terraform.io/hashicorp/aws",
            "change": {
                "actions": [
                    "create"
                ],
                "before": null,
                "after": {
                    "assume_role_policy": "{\"Statement\":[{\"Action\":\"sts:AssumeRole\",\"Effect\":\"Allow\",\"Principal\":{\"Service\":\"lambda.amazonaws.com\"}}],\"Version\":\"2012-10-17\"}",
                    "description": null,
                    "force_detach_policies": false,
                    "max_session_duration": 3600,
                    "name": "lambda_exec_role",
                    "path": "/",
                    "permissions_boundary": null,
                    "tags": null
                },
                "after_unknown": {
                    "arn": true,
                    "create_date": true,
                    "id": true,
                    "inline_policy": true,
                    "managed_policy_arns": true,
                    "name_prefix": true,
                    "tags_all": true,
                    "unique_id": true
                },
                "before_sensitive": false,
                "after_sensitive": {
                    "inline_policy": [],
                    "managed_policy_arns": [],
                    "tags_all": {}
                }
            }
        },
        {
            "address": "aws_iam_role_policy_attachment.lambda_exec_policy",
            "mode": "managed",
            "type": "aws_iam_role_policy_attachment",
            "name": "lambda_exec_policy",
            "provider_name": "registry.terraform.io/hashicorp/aws",
            "change": {
                "actions": [
                    "create"
                ],
                "before": null,
                "after": {
                    "policy_arn": "arn:aws:iam::aws:policy/service-role/AWSLambdaBasicExecutionRole",
                    "role": "lambda_exec_role"
                },
                "after_unknown": {
                    "id": true
                },
                "before_sensitive": false,
                "after_sensitive": {}
            }
        },
        {
            "address": "aws_lambda_function.example",
            "mode": "managed",
            "type": "aws_lambda_function",
            "name": "example",
            "provider_name": "registry.terraform.io/hashicorp/aws",
            "change": {
                "actions": [
                    "create"
                ],
                "before": null,
                "after": {
                    "code_signing_config_arn": null,
                    "dead_letter_config": [],
                    "description": null,
                    "environment": [],
                    "file_system_config": [],
                    "filename": "",
                    "function_name": "example_lambda",
                    "handler": "index.lambda_handler",
                    "image_config": [],
                    "image_uri": null,
                    "kms_key_arn": null,
                    "layers": null,
                    "memory_size": 128,
                    "package_type": "Zip",
                    "publish": false,
                    "replace_security_groups_on_destroy": null,
                    "replacement_security_group_ids": null,
                    "reserved_concurrent_executions": -1,
                    "runtime": "python3.8",
                    "s3_bucket": null,
                    "s3_key": null,
                    "s3_object_version": null,
                    "skip_destroy": false,
                    "snap_start": [],
                    "tags": null,
                    "timeout": 3,
                    "timeouts": null,
                    "vpc_config": []
                },
                "after_unknown": {
                    "architectures": true,
                    "arn": true,
                    "code_sha256": true,
                    "dead_letter_config": [],
                    "environment": [],
                    "ephemeral_storage": true,
                    "file_system_config": [],
                    "id": true,
                    "image_config": [],
                    "invoke_arn": true,
                    "last_modified": true,
                    "logging_config": true,
                    "qualified_arn": true,
                    "qualified_invoke_arn": true,
                    "role": true,
                    "signing_job_arn": true,
                    "signing_profile_version_arn": true,
                    "snap_start": [],
                    "source_code_hash": true,
                    "source_code_size": true,
                    "tags_all": true,
                    "tracing_config": true,
                    "version": true,
                    "vpc_config": []
                },
                "before_sensitive": false,
                "after_sensitive": {
                    "architectures": [],
                    "dead_letter_config": [],
                    "environment": [],
                    "ephemeral_storage": [],
                    "file_system_config": [],
                    "image_config": [],
                    "logging_config": [],
                    "snap_start": [],
                    "tags_all": {},
                    "tracing_config": [],
                    "vpc_config": []
                }
            }
        },
        {
            "address": "aws_lambda_permission.example_permission",
            "mode": "managed",
            "type": "aws_lambda_permission",
            "name": "example_permission",
            "provider_name": "registry.terraform.io/hashicorp/aws",
            "change": {
                "actions": [
                    "create"
                ],
                "before": null,
                "after": {
                    "action": "lambda:InvokeFunction",
                    "event_source_token": null,
                    "function_name": "example_lambda",
                    "function_url_auth_type": null,
                    "principal": "*",
                    "principal_org_id": null,
                    "qualifier": null,
                    "source_account": null,
                    "source_arn": null
                },
                "after_unknown": {
                    "id": true,
                    "statement_id": true,
                    "statement_id_prefix": true
                },
                "before_sensitive": false,
                "after_sensitive": {}
            }
        }
    ],
    "configuration": {
        "provider_config": {
            "aws": {
                "name": "aws",
                "full_name": "registry.terraform.io/hashicorp/aws",
                "version_constraint": "\u003e= 5.32.0",
                "expressions": {
                    "region": {
                        "constant_value": "us-west-2"
                    }
                }
            }
        },
        "root_module": {
            "resources": [
                {
                    "address": "aws_iam_role.lambda_exec",
                    "mode": "managed",
                    "type": "aws_iam_role",
                    "name": "lambda_exec",
                    "provider_config_key": "aws",
                    "expressions": {
                        "assume_role_policy": {},
                        "name": {
                            "constant_value": "lambda_exec_role"
                        }
                    },
                    "schema_version": 0
                },
                {
                    "address": "aws_iam_role_policy_attachment.lambda_exec_policy",
                    "mode": "managed",
                    "type": "aws_iam_role_policy_attachment",
                    "name": "lambda_exec_policy",
                    "provider_config_key": "aws",
                    "expressions": {
                        "policy_arn": {
                            "constant_value": "arn:aws:iam::aws:policy/service-role/AWSLambdaBasicExecutionRole"
                        },
                        "role": {
                            "references": [
                                "aws_iam_role.lambda_exec.name",
                                "aws_iam_role.lambda_exec"
                            ]
                        }
                    },
                    "schema_version": 0
                },
                {
                    "address": "aws_lambda_function.example",
                    "mode": "managed",
                    "type": "aws_lambda_function",
                    "name": "example",
                    "provider_config_key": "aws",
                    "expressions": {
                        "filename": {
                            "constant_value": ""
                        },
                        "function_name": {
                            "constant_value": "example_lambda"
                        },
                        "handler": {
                            "constant_value": "index.lambda_handler"
                        },
                        "role": {
                            "references": [
                                "aws_iam_role.lambda_exec.arn",
                                "aws_iam_role.lambda_exec"
                            ]
                        },
                        "runtime": {
                            "constant_value": "python3.8"
                        }
                    },
                    "schema_version": 0
                },
                {
                    "address": "aws_lambda_permission.example_permission",
                    "mode": "managed",
                    "type": "aws_lambda_permission",
                    "name": "example_permission",
                    "provider_config_key": "aws",
                    "expressions": {
                        "action": {
                            "constant_value": "lambda:InvokeFunction"
                        },
                        "function_name": {
                            "references": [
                                "aws_lambda_function.example.function_name",
                                "aws_lambda_function.example"
                            ]
                        },
                        "principal": {
                            "constant_value": "*"
                        }
                    },
                    "schema_version": 0
                }
            ]
        }
    },
    "relevant_attributes": [
        {
            "resource": "aws_iam_role.lambda_exec",
            "attribute": [
                "name"
            ]
        },
        {
            "resource": "aws_iam_role.lambda_exec",
            "attribute": [
                "arn"
            ]
        },
        {
            "resource": "aws_lambda_function.example",
            "attribute": [
                "function_name"
            ]
        }
    ],
    "timestamp": "2024-06-23T15:30:55Z",
    "applyable": true,
    "complete": true,
    "errored": false
}