{
  "format_version": "1.2",
  "terraform_version": "1.6.6",
  "planned_values": {
    "root_module": {
      "resources": [
        {
          "address": "aws_s3_bucket.example",
          "mode": "managed",
          "type": "aws_s3_bucket",
          "name": "example",
          "provider_name": "registry.terraform.io/hashicorp/aws",
          "schema_version": 0,
          "values": {
            "bucket": "tf-bucket-demo",
            "force_destroy": false,
            "tags": null,
            "timeouts": null
          },
          "sensitive_values": {
            "cors_rule": [],
            "grant": [],
            "lifecycle_rule": [],
            "logging": [],
            "object_lock_configuration": [],
            "replication_configuration": [],
            "server_side_encryption_configuration": [],
            "tags_all": {},
            "versioning": [],
            "website": []
          }
        },
        {
          "address": "aws_s3_bucket_public_access_block.example",
          "mode": "managed",
          "type": "aws_s3_bucket_public_access_block",
          "name": "example",
          "provider_name": "registry.terraform.io/hashicorp/aws",
          "schema_version": 0,
          "values": {
            "block_public_acls": true,
            "block_public_policy": true,
            "ignore_public_acls": true,
            "restrict_public_buckets": true
          },
          "sensitive_values": {}
        }
      ]
    }
  },
  "resource_changes": [
    {
      "address": "aws_s3_bucket.example",
      "mode": "managed",
      "type": "aws_s3_bucket",
      "name": "example",
      "provider_name": "registry.terraform.io/hashicorp/aws",
      "change": {
        "actions": [
          "create"
        ],
        "before": null,
        "after": {
          "bucket": "tf-bucket-demo",
          "force_destroy": false,
          "tags": null,
          "timeouts": null
        },
        "after_unknown": {
          "acceleration_status": true,
          "acl": true,
          "arn": true,
          "bucket_domain_name": true,
          "bucket_prefix": true,
          "bucket_regional_domain_name": true,
          "cors_rule": true,
          "grant": true,
          "hosted_zone_id": true,
          "id": true,
          "lifecycle_rule": true,
          "logging": true,
          "object_lock_configuration": true,
          "object_lock_enabled": true,
          "policy": true,
          "region": true,
          "replication_configuration": true,
          "request_payer": true,
          "server_side_encryption_configuration": true,
          "tags_all": true,
          "versioning": true,
          "website": true,
          "website_domain": true,
          "website_endpoint": true
        },
        "before_sensitive": false,
        "after_sensitive": {
          "cors_rule": [],
          "grant": [],
          "lifecycle_rule": [],
          "logging": [],
          "object_lock_configuration": [],
          "replication_configuration": [],
          "server_side_encryption_configuration": [],
          "tags_all": {},
          "versioning": [],
          "website": []
        }
      }
    },
    {
      "address": "aws_s3_bucket_public_access_block.example",
      "mode": "managed",
      "type": "aws_s3_bucket_public_access_block",
      "name": "example",
      "provider_name": "registry.terraform.io/hashicorp/aws",
      "change": {
        "actions": [
          "create"
        ],
        "before": null,
        "after": {
          "block_public_acls": true,
          "block_public_policy": true,
          "ignore_public_acls": true,
          "restrict_public_buckets": true
        },
        "after_unknown": {
          "bucket": true,
          "id": true
        },
        "before_sensitive": false,
        "after_sensitive": {}
      }
    }
  ],
  "configuration": {
    "provider_config": {
      "aws": {
        "name": "aws",
        "full_name": "registry.terraform.io/hashicorp/aws",
        "version_constraint": "~> 4.16",
        "expressions": {
          "access_key": {
            "constant_value": "ASIA4JFRUINQDCTDYKWH"
          },
          "region": {
            "constant_value": "us-west-2"
          },
          "secret_key": {
            "constant_value": "4H6vXDA0pQvXRbtzIoeoAnZXxjyzGgk0ihQy7iys"
          },
          "token": {
            "constant_value": "IQoJb3JpZ2luX2VjEJ///////////wEaCXVzLWVhc3QtMiJHMEUCIQDpkKk+aJuZ4dbZXvPjAPJvuTgXCMCn9fNomdk6G+bwiwIgUtsqh4Mv6zOaCSaok/o9ab0uzMMi0FNEiXMr55klH54qjgMISBADGgw4NDQzMzM1OTc1MzYiDGcVpGVO8xUbqLq1AyrrAreOpj/eNXSL0Qo6PoulEWnDsepBpRu5k8XB8bIG7uAFIZY02aub+wjBYc+3t1vdbAAA18Pljb3DlP0fiqa1RPmWPkQBUnYDStmvhYm+oL4MU7TFS2F0QAHXoeuPSlr7RBnvcCv8q9t4hloloT5QgWquh5fNgMF5mjifYCQXOQOjINxk/DC01SfvHRZeNQkGQoHMnbFH+FzT93KmAyDOj+Kor1DGou7Fzg5OxMMZwF9NGj6Ihjt3Rn80KmG7PIAdWmpzHMi0y9LV42AeSM2hHrB535gAjlLvtdj94WDyDbfEVv+JC3cBlHYkiPptFG75j+9wdK/EVlWHbvygGrzVuOvB8HbRZ//ik7yIjpNky5GJ49cnyoIJ+b07lS8EFFSePXizTSYfs7MSvMiqlT9eT1DtzeHCIblDyAGAudZmZJyXvZcPowjncIgemPMJ5XW5NgJR8+YSehskWS9T0Ib6KrDY8cMvlI60xH+nvzDRp4WtBjqmAcCvVAUOS3mdT36GOZmLa/9lJvl0d12FtN72gQ8wPUDGFJD9J/PFHjQE8YjpPJY///lQC66N8s0fAxXvWrNjztu1FxMKez9G8SWJfncCVrc0lL5bnQmSPtUHb1vzL0RKht6ceSGSzqpNemEJWx4csm196wiFTr4JK/4abyUJ8DGo8lSID8qtEYSTf9t1i5QwlV27UvyBVWJHz7aWEHSfqlnrd3xHNXo="
          }
        }
      }
    },
    "root_module": {
      "resources": [
        {
          "address": "aws_s3_bucket.example",
          "mode": "managed",
          "type": "aws_s3_bucket",
          "name": "example",
          "provider_config_key": "aws",
          "expressions": {
            "bucket": {
              "constant_value": "tf-bucket-demo"
            }
          },
          "schema_version": 0
        },
        {
          "address": "aws_s3_bucket_public_access_block.example",
          "mode": "managed",
          "type": "aws_s3_bucket_public_access_block",
          "name": "example",
          "provider_config_key": "aws",
          "expressions": {
            "block_public_acls": {
              "constant_value": true
            },
            "block_public_policy": {
              "constant_value": true
            },
            "bucket": {
              "references": [
                "aws_s3_bucket.example.id",
                "aws_s3_bucket.example"
              ]
            },
            "ignore_public_acls": {
              "constant_value": true
            },
            "restrict_public_buckets": {
              "constant_value": true
            }
          },
          "schema_version": 0
        }
      ]
    }
  },
  "relevant_attributes": [
    {
      "resource": "aws_s3_bucket.example",
      "attribute": [
        "id"
      ]
    }
  ],
  "timestamp": "2024-01-12T15:00:06Z",
  "errored": false
}
