{
  "format_version": "1.2",
  "terraform_version": "1.6.6",
  "planned_values": {
    "root_module": {
      "resources": [
        {
          "address": "aws_s3_bucket.example",
          "mode": "managed",
          "type": "aws_s3_bucket",
          "name": "example",
          "provider_name": "registry.terraform.io/hashicorp/aws",
          "schema_version": 0,
          "values": {
            "bucket": "test-bucket",
            "force_destroy": false,
            "tags": null,
            "timeouts": null
          },
          "sensitive_values": {
            "cors_rule": [],
            "grant": [],
            "lifecycle_rule": [],
            "logging": [],
            "object_lock_configuration": [],
            "replication_configuration": [],
            "server_side_encryption_configuration": [],
            "tags_all": {},
            "versioning": [],
            "website": []
          }
        },
        {
          "address": "aws_s3_bucket_public_access_block.example",
          "mode": "managed",
          "type": "aws_s3_bucket_public_access_block",
          "name": "example",
          "provider_name": "registry.terraform.io/hashicorp/aws",
          "schema_version": 0,
          "values": {
            "block_public_acls": true,
            "block_public_policy": true,
            "ignore_public_acls": true,
            "restrict_public_buckets": true
          },
          "sensitive_values": {}
        }
      ]
    }
  },
  "resource_changes": [
    {
      "address": "aws_s3_bucket.example",
      "mode": "managed",
      "type": "aws_s3_bucket",
      "name": "example",
      "provider_name": "registry.terraform.io/hashicorp/aws",
      "change": {
        "actions": [
          "create"
        ],
        "before": null,
        "after": {
          "bucket": "test-bucket",
          "force_destroy": false,
          "tags": null,
          "timeouts": null
        },
        "after_unknown": {
          "acceleration_status": true,
          "acl": true,
          "arn": true,
          "bucket_domain_name": true,
          "bucket_prefix": true,
          "bucket_regional_domain_name": true,
          "cors_rule": true,
          "grant": true,
          "hosted_zone_id": true,
          "id": true,
          "lifecycle_rule": true,
          "logging": true,
          "object_lock_configuration": true,
          "object_lock_enabled": true,
          "policy": true,
          "region": true,
          "replication_configuration": true,
          "request_payer": true,
          "server_side_encryption_configuration": true,
          "tags_all": true,
          "versioning": true,
          "website": true,
          "website_domain": true,
          "website_endpoint": true
        },
        "before_sensitive": false,
        "after_sensitive": {
          "cors_rule": [],
          "grant": [],
          "lifecycle_rule": [],
          "logging": [],
          "object_lock_configuration": [],
          "replication_configuration": [],
          "server_side_encryption_configuration": [],
          "tags_all": {},
          "versioning": [],
          "website": []
        }
      }
    },
    {
      "address": "aws_s3_bucket_public_access_block.example",
      "mode": "managed",
      "type": "aws_s3_bucket_public_access_block",
      "name": "example",
      "provider_name": "registry.terraform.io/hashicorp/aws",
      "change": {
        "actions": [
          "create"
        ],
        "before": null,
        "after": {
          "block_public_acls": true,
          "block_public_policy": true,
          "ignore_public_acls": true,
          "restrict_public_buckets": true
        },
        "after_unknown": {
          "bucket": true,
          "id": true
        },
        "before_sensitive": false,
        "after_sensitive": {}
      }
    }
  ],
  "configuration": {
    "provider_config": {
      "aws": {
        "name": "aws",
        "full_name": "registry.terraform.io/hashicorp/aws",
        "version_constraint": "~> 4.16",
        "expressions": {
          "access_key": {
            "constant_value": "ASIA4JFRUINQMYX7MG4U"
          },
          "region": {
            "constant_value": "us-west-2"
          },
          "secret_key": {
            "constant_value": "fZv4C1zNWvgnLK+Cy+5RjXIX2fylhK9zc7z/3WZX"
          },
          "token": {
            "constant_value": "IQoJb3JpZ2luX2VjEHEaCXVzLWVhc3QtMiJHMEUCIAie72DeRpkvRfn3tFxiIS3Kcg4+44V/ZTD2s+N+q6MeAiEAvAud8vTFBtMz6Q2ZBpmK8FHXRZkV/sUWT1jRu2But/kqjgMIGxADGgw4NDQzMzM1OTc1MzYiDK7+0h14dNYSD4RfkSrrAn2FCPZyAJl3WyZiCiOuGDlT8xa+5v1gdLUwoN7lcerInp2Lhlr2l6wPFnh9DWeCeJBOBbXl6MXvrtsMtWJtlMqFpwG3tZ6xfEIQHCMv2mkska/WcBKtZklOpbNjuP2SMz9UgDCXuC68Mg+47g/F9kyl4aGWE18gGiC6EV6aLgKSzvTQJwGvUeghx93PYNmNeGjGlJkuLW/NtwjU1zbZ7Vpk1wE8uCz71f+kQQcuBD4jpzqJ59BjdnjUzctoo3d/9ZuzW8rNdVohpysBIn4IDJ+1xNvTG/NlAvLtaWkClKkhZC55tmPOCutQN67vQXv53kEfWEdMZ2xqUKs0za/LIf49DG7gItVQLLSP+8XHcnLhNywMdI13LOCcz/74UO9R2fzsD+wn0ZPCgp1oOyM0e3REiF1YskWa3hMDkS69y3TUiJYu5TrZIqfOouMJXe5SMn0NNZACKwOhzPw7HeTbpOxNOcav7ls0ZPTGnzDipvusBjqmASs6RGpF1oK2zXRbsU26JsZV9EYx/Ij0J+fpRnYNzA2AGW4GbXnD1vnNDU8RI2LOujMb26NZmrCgbO3jm9JfmUfuU7Rt9cXNL0CwMAt54gU7sMz2pfd9GxkQvvTawNISq5Mry69i6x2w3tlDmzTQbUVOOCxjXyIMJ2G5C655JfKLAQlIbSmeFKJDAXrjPbXhAUAGnGCTMHvqpcPumgaOZLDSA6neRD4="
          }
        }
      }
    },
    "root_module": {
      "resources": [
        {
          "address": "aws_s3_bucket.example",
          "mode": "managed",
          "type": "aws_s3_bucket",
          "name": "example",
          "provider_config_key": "aws",
          "expressions": {
            "bucket": {
              "constant_value": "test-bucket"
            }
          },
          "schema_version": 0
        },
        {
          "address": "aws_s3_bucket_public_access_block.example",
          "mode": "managed",
          "type": "aws_s3_bucket_public_access_block",
          "name": "example",
          "provider_config_key": "aws",
          "expressions": {
            "block_public_acls": {
              "constant_value": true
            },
            "block_public_policy": {
              "constant_value": true
            },
            "bucket": {
              "references": [
                "aws_s3_bucket.example.id",
                "aws_s3_bucket.example"
              ]
            },
            "ignore_public_acls": {
              "constant_value": true
            },
            "restrict_public_buckets": {
              "constant_value": true
            }
          },
          "schema_version": 0
        }
      ]
    }
  },
  "relevant_attributes": [
    {
      "resource": "aws_s3_bucket.example",
      "attribute": [
        "id"
      ]
    }
  ],
  "timestamp": "2024-01-10T17:51:08Z",
  "errored": false
}
