{
    "format_version": "1.2",
    "terraform_version": "1.7.4",
    "planned_values": {
      "root_module": {
        "resources": [
          {
            "address": "aws_iam_policy.iam_policy_for_lambda",
            "mode": "managed",
            "type": "aws_iam_policy",
            "name": "iam_policy_for_lambda",
            "provider_name": "registry.terraform.io/hashicorp/aws",
            "schema_version": 0,
            "values": {
              "description": "AWS IAM Policy for managing aws lambda role",
              "name": "aws_iam_policy_for_terraform_aws_lambda_role",
              "path": "/",
              "policy": "{\"Statement\":[{\"Action\":[\"logs:CreateLogGroup\",\"logs:CreateLogStream\",\"logs:PutLogEvents\"],\"Effect\":\"Allow\",\"Resource\":\"arn:aws:logs:*:*:*\"}],\"Version\":\"2012-10-17\"}",
              "tags": null
            },
            "sensitive_values": {
              "tags_all": {}
            }
          },
          {
            "address": "aws_iam_role.lambda_role",
            "mode": "managed",
            "type": "aws_iam_role",
            "name": "lambda_role",
            "provider_name": "registry.terraform.io/hashicorp/aws",
            "schema_version": 0,
            "values": {
              "assume_role_policy": "{\"Statement\":[{\"Action\":\"sts:AssumeRole\",\"Effect\":\"Allow\",\"Principal\":{\"Service\":\"lambda.amazonaws.com\"},\"Sid\":\"\"}],\"Version\":\"2012-10-17\"}",
              "description": null,
              "force_detach_policies": false,
              "max_session_duration": 3600,
              "name": "Spacelift_Test_Lambda_Function_Role",
              "path": "/",
              "permissions_boundary": null,
              "tags": null
            },
            "sensitive_values": {
              "inline_policy": [],
              "managed_policy_arns": [],
              "tags_all": {}
            }
          },
          {
            "address": "aws_iam_role_policy_attachment.attach_iam_policy_to_iam_role",
            "mode": "managed",
            "type": "aws_iam_role_policy_attachment",
            "name": "attach_iam_policy_to_iam_role",
            "provider_name": "registry.terraform.io/hashicorp/aws",
            "schema_version": 0,
            "values": {
              "role": "Spacelift_Test_Lambda_Function_Role"
            },
            "sensitive_values": {}
          },
          {
            "address": "aws_lambda_function.terraform_lambda_func",
            "mode": "managed",
            "type": "aws_lambda_function",
            "name": "terraform_lambda_func",
            "provider_name": "registry.terraform.io/hashicorp/aws",
            "schema_version": 0,
            "values": {
              "dead_letter_config": [],
              "description": null,
              "environment": [],
              "file_system_config": [],
              "filename": "./python/hello-python.zip",
              "function_name": "Spacelift_Test_Lambda_Function",
              "handler": "index.lambda_handler",
              "image_config": [],
              "image_uri": null,
              "kms_key_arn": null,
              "layers": null,
              "memory_size": 128,
              "package_type": "Zip",
              "publish": false,
              "replace_security_groups_on_destroy": null,
              "replacement_security_group_ids": null,
              "reserved_concurrent_executions": -1,
              "runtime": "python3.8",
              "s3_bucket": null,
              "s3_key": null,
              "s3_object_version": null,
              "skip_destroy": false,
              "snap_start": [],
              "tags": null,
              "timeout": 3,
              "timeouts": null,
              "vpc_config": []
            },
            "sensitive_values": {
              "architectures": [],
              "dead_letter_config": [],
              "environment": [],
              "ephemeral_storage": [],
              "file_system_config": [],
              "image_config": [],
              "logging_config": [],
              "snap_start": [],
              "tags_all": {},
              "tracing_config": [],
              "vpc_config": []
            }
          }
        ]
      }
    },
    "resource_changes": [
      {
        "address": "aws_iam_policy.iam_policy_for_lambda",
        "mode": "managed",
        "type": "aws_iam_policy",
        "name": "iam_policy_for_lambda",
        "provider_name": "registry.terraform.io/hashicorp/aws",
        "change": {
          "actions": [
            "create"
          ],
          "before": null,
          "after": {
            "description": "AWS IAM Policy for managing aws lambda role",
            "name": "aws_iam_policy_for_terraform_aws_lambda_role",
            "path": "/",
            "policy": "{\"Statement\":[{\"Action\":[\"logs:CreateLogGroup\",\"logs:CreateLogStream\",\"logs:PutLogEvents\"],\"Effect\":\"Allow\",\"Resource\":\"arn:aws:logs:*:*:*\"}],\"Version\":\"2012-10-17\"}",
            "tags": null
          },
          "after_unknown": {
            "arn": true,
            "id": true,
            "name_prefix": true,
            "policy_id": true,
            "tags_all": true
          },
          "before_sensitive": false,
          "after_sensitive": {
            "tags_all": {}
          }
        }
      },
      {
        "address": "aws_iam_role.lambda_role",
        "mode": "managed",
        "type": "aws_iam_role",
        "name": "lambda_role",
        "provider_name": "registry.terraform.io/hashicorp/aws",
        "change": {
          "actions": [
            "create"
          ],
          "before": null,
          "after": {
            "assume_role_policy": "{\"Statement\":[{\"Action\":\"sts:AssumeRole\",\"Effect\":\"Allow\",\"Principal\":{\"Service\":\"lambda.amazonaws.com\"},\"Sid\":\"\"}],\"Version\":\"2012-10-17\"}",
            "description": null,
            "force_detach_policies": false,
            "max_session_duration": 3600,
            "name": "Spacelift_Test_Lambda_Function_Role",
            "path": "/",
            "permissions_boundary": null,
            "tags": null
          },
          "after_unknown": {
            "arn": true,
            "create_date": true,
            "id": true,
            "inline_policy": true,
            "managed_policy_arns": true,
            "name_prefix": true,
            "tags_all": true,
            "unique_id": true
          },
          "before_sensitive": false,
          "after_sensitive": {
            "inline_policy": [],
            "managed_policy_arns": [],
            "tags_all": {}
          }
        }
      },
      {
        "address": "aws_iam_role_policy_attachment.attach_iam_policy_to_iam_role",
        "mode": "managed",
        "type": "aws_iam_role_policy_attachment",
        "name": "attach_iam_policy_to_iam_role",
        "provider_name": "registry.terraform.io/hashicorp/aws",
        "change": {
          "actions": [
            "create"
          ],
          "before": null,
          "after": {
            "role": "Spacelift_Test_Lambda_Function_Role"
          },
          "after_unknown": {
            "id": true,
            "policy_arn": true
          },
          "before_sensitive": false,
          "after_sensitive": {}
        }
      },
      {
        "address": "aws_lambda_function.terraform_lambda_func",
        "mode": "managed",
        "type": "aws_lambda_function",
        "name": "terraform_lambda_func",
        "provider_name": "registry.terraform.io/hashicorp/aws",
        "change": {
          "actions": [
            "create"
          ],
          "before": null,
          "after": {
            "dead_letter_config": [],
            "description": null,
            "environment": [],
            "file_system_config": [],
            "filename": "./python/hello-python.zip",
            "function_name": "Spacelift_Test_Lambda_Function",
            "handler": "index.lambda_handler",
            "image_config": [],
            "image_uri": null,
            "kms_key_arn": null,
            "layers": null,
            "memory_size": 128,
            "package_type": "Zip",
            "publish": false,
            "replace_security_groups_on_destroy": null,
            "replacement_security_group_ids": null,
            "reserved_concurrent_executions": -1,
            "runtime": "python3.8",
            "s3_bucket": null,
            "s3_key": null,
            "s3_object_version": null,
            "skip_destroy": false,
            "snap_start": [],
            "tags": null,
            "timeout": 3,
            "timeouts": null,
            "vpc_config": []
          },
          "after_unknown": {
            "architectures": true,
            "arn": true,
            "dead_letter_config": [],
            "environment": [],
            "ephemeral_storage": true,
            "file_system_config": [],
            "id": true,
            "image_config": [],
            "invoke_arn": true,
            "last_modified": true,
            "logging_config": true,
            "qualified_arn": true,
            "qualified_invoke_arn": true,
            "role": true,
            "signing_job_arn": true,
            "signing_profile_version_arn": true,
            "snap_start": [],
            "source_code_hash": true,
            "source_code_size": true,
            "tags_all": true,
            "tracing_config": true,
            "version": true,
            "vpc_config": []
          },
          "before_sensitive": false,
          "after_sensitive": {
            "architectures": [],
            "dead_letter_config": [],
            "environment": [],
            "ephemeral_storage": [],
            "file_system_config": [],
            "image_config": [],
            "logging_config": [],
            "snap_start": [],
            "tags_all": {},
            "tracing_config": [],
            "vpc_config": []
          }
        }
      }
    ],
    "prior_state": {
      "format_version": "1.0",
      "terraform_version": "1.7.4",
      "values": {
        "root_module": {
          "resources": [
            {
              "address": "data.archive_file.zip_the_python_code",
              "mode": "data",
              "type": "archive_file",
              "name": "zip_the_python_code",
              "provider_name": "registry.terraform.io/hashicorp/archive",
              "schema_version": 0,
              "values": {
                "exclude_symlink_directories": null,
                "excludes": null,
                "id": "a214dde8a12ca94253e6511d64619f0ff9ffee35",
                "output_base64sha256": "SFSoo0NG4FG8mNorh4sscOyiKc/kJzFsP8hLOy3Fk3Q=",
                "output_base64sha512": "NutLilmFQDdniQXgTqfmvMcu9viZvU9BAyF9ChFwLG2w486kDHCfAyhUXCW4Ggxft6nSFxtN6QGVqRdlzn7WVQ==",
                "output_file_mode": null,
                "output_md5": "1b85a86b0487bc677393bb5399ab98ff",
                "output_path": "./python/hello-python.zip",
                "output_sha": "a214dde8a12ca94253e6511d64619f0ff9ffee35",
                "output_sha256": "4854a8a34346e051bc98da2b878b2c70eca229cfe427316c3fc84b3b2dc59374",
                "output_sha512": "36eb4b8a59854037678905e04ea7e6bcc72ef6f899bd4f4103217d0a11702c6db0e3cea40c709f0328545c25b81a0c5fb7a9d2171b4de90195a91765ce7ed655",
                "output_size": 368,
                "source": [],
                "source_content": null,
                "source_content_filename": null,
                "source_dir": "./python/",
                "source_file": null,
                "type": "zip"
              },
              "sensitive_values": {
                "source": []
              }
            }
          ]
        }
      }
    },
    "configuration": {
      "provider_config": {
        "archive": {
          "name": "archive",
          "full_name": "registry.terraform.io/hashicorp/archive"
        },
        "aws": {
          "name": "aws",
          "full_name": "registry.terraform.io/hashicorp/aws",
          "version_constraint": ">= 5.32.0",
          "expressions": {
          }
        },
        "random": {
          "name": "random",
          "full_name": "registry.terraform.io/hashicorp/random",
          "version_constraint": ">= 2.0.0"
        }
      },
      "root_module": {
        "resources": [
          {
            "address": "aws_iam_policy.iam_policy_for_lambda",
            "mode": "managed",
            "type": "aws_iam_policy",
            "name": "iam_policy_for_lambda",
            "provider_config_key": "aws",
            "expressions": {
              "description": {
                "constant_value": "AWS IAM Policy for managing aws lambda role"
              },
              "name": {
                "constant_value": "aws_iam_policy_for_terraform_aws_lambda_role"
              },
              "path": {
                "constant_value": "/"
              },
              "policy": {
                "constant_value": "{\n \"Version\": \"2012-10-17\",\n \"Statement\": [\n   {\n     \"Action\": [\n       \"logs:CreateLogGroup\",\n       \"logs:CreateLogStream\",\n       \"logs:PutLogEvents\"\n     ],\n     \"Resource\": \"arn:aws:logs:*:*:*\",\n     \"Effect\": \"Allow\"\n   }\n ]\n}\n"
              }
            },
            "schema_version": 0
          },
          {
            "address": "aws_iam_role.lambda_role",
            "mode": "managed",
            "type": "aws_iam_role",
            "name": "lambda_role",
            "provider_config_key": "aws",
            "expressions": {
              "assume_role_policy": {
                "constant_value": "{\n \"Version\": \"2012-10-17\",\n \"Statement\": [\n   {\n     \"Action\": \"sts:AssumeRole\",\n     \"Principal\": {\n       \"Service\": \"lambda.amazonaws.com\"\n     },\n     \"Effect\": \"Allow\",\n     \"Sid\": \"\"\n   }\n ]\n}\n"
              },
              "name": {
                "constant_value": "Spacelift_Test_Lambda_Function_Role"
              }
            },
            "schema_version": 0
          },
          {
            "address": "aws_iam_role_policy_attachment.attach_iam_policy_to_iam_role",
            "mode": "managed",
            "type": "aws_iam_role_policy_attachment",
            "name": "attach_iam_policy_to_iam_role",
            "provider_config_key": "aws",
            "expressions": {
              "policy_arn": {
                "references": [
                  "aws_iam_policy.iam_policy_for_lambda.arn",
                  "aws_iam_policy.iam_policy_for_lambda"
                ]
              },
              "role": {
                "references": [
                  "aws_iam_role.lambda_role.name",
                  "aws_iam_role.lambda_role"
                ]
              }
            },
            "schema_version": 0
          },
          {
            "address": "aws_lambda_function.terraform_lambda_func",
            "mode": "managed",
            "type": "aws_lambda_function",
            "name": "terraform_lambda_func",
            "provider_config_key": "aws",
            "expressions": {
              "filename": {
                "references": [
                  "path.module"
                ]
              },
              "function_name": {
                "constant_value": "Spacelift_Test_Lambda_Function"
              },
              "handler": {
                "constant_value": "index.lambda_handler"
              },
              "role": {
                "references": [
                  "aws_iam_role.lambda_role.arn",
                  "aws_iam_role.lambda_role"
                ]
              },
              "runtime": {
                "constant_value": "python3.8"
              }
            },
            "schema_version": 0,
            "depends_on": [
              "aws_iam_role_policy_attachment.attach_iam_policy_to_iam_role"
            ]
          },
          {
            "address": "data.archive_file.zip_the_python_code",
            "mode": "data",
            "type": "archive_file",
            "name": "zip_the_python_code",
            "provider_config_key": "archive",
            "expressions": {
              "output_path": {
                "references": [
                  "path.module"
                ]
              },
              "source_dir": {
                "references": [
                  "path.module"
                ]
              },
              "type": {
                "constant_value": "zip"
              }
            },
            "schema_version": 0
          }
        ]
      }
    },
    "relevant_attributes": [
      {
        "resource": "aws_iam_policy.iam_policy_for_lambda",
        "attribute": [
          "arn"
        ]
      },
      {
        "resource": "aws_iam_role.lambda_role",
        "attribute": [
          "name"
        ]
      },
      {
        "resource": "aws_iam_role.lambda_role",
        "attribute": [
          "arn"
        ]
      }
    ],
    "timestamp": "2024-03-26T05:15:13Z",
    "errored": false
  }
  