{
  "format_version": "1.2",
  "terraform_version": "1.6.6",
  "planned_values": {
    "root_module": {
      "resources": [
        {
          "address": "aws_s3_bucket.example",
          "mode": "managed",
          "type": "aws_s3_bucket",
          "name": "example",
          "provider_name": "registry.terraform.io/hashicorp/aws",
          "schema_version": 0,
          "values": {
            "bucket": "test-bucket-demo-18012003",
            "force_destroy": false,
            "tags": null,
            "timeouts": null
          },
          "sensitive_values": {
            "cors_rule": [],
            "grant": [],
            "lifecycle_rule": [],
            "logging": [],
            "object_lock_configuration": [],
            "replication_configuration": [],
            "server_side_encryption_configuration": [],
            "tags_all": {},
            "versioning": [],
            "website": []
          }
        },
        {
          "address": "aws_s3_bucket_lifecycle_configuration.example",
          "mode": "managed",
          "type": "aws_s3_bucket_lifecycle_configuration",
          "name": "example",
          "provider_name": "registry.terraform.io/hashicorp/aws",
          "schema_version": 0,
          "values": {
            "expected_bucket_owner": null,
            "rule": [
              {
                "abort_incomplete_multipart_upload": [],
                "expiration": [],
                "filter": [],
                "id": "rule-1",
                "noncurrent_version_expiration": [],
                "noncurrent_version_transition": [],
                "prefix": null,
                "status": "Enabled",
                "transition": []
              }
            ]
          },
          "sensitive_values": {
            "rule": [
              {
                "abort_incomplete_multipart_upload": [],
                "expiration": [],
                "filter": [],
                "noncurrent_version_expiration": [],
                "noncurrent_version_transition": [],
                "transition": []
              }
            ]
          }
        }
      ]
    }
  },
  "resource_changes": [
    {
      "address": "aws_s3_bucket.example",
      "mode": "managed",
      "type": "aws_s3_bucket",
      "name": "example",
      "provider_name": "registry.terraform.io/hashicorp/aws",
      "change": {
        "actions": [
          "create"
        ],
        "before": null,
        "after": {
          "bucket": "test-bucket-demo-18012003",
          "force_destroy": false,
          "tags": null,
          "timeouts": null
        },
        "after_unknown": {
          "acceleration_status": true,
          "acl": true,
          "arn": true,
          "bucket_domain_name": true,
          "bucket_prefix": true,
          "bucket_regional_domain_name": true,
          "cors_rule": true,
          "grant": true,
          "hosted_zone_id": true,
          "id": true,
          "lifecycle_rule": true,
          "logging": true,
          "object_lock_configuration": true,
          "object_lock_enabled": true,
          "policy": true,
          "region": true,
          "replication_configuration": true,
          "request_payer": true,
          "server_side_encryption_configuration": true,
          "tags_all": true,
          "versioning": true,
          "website": true,
          "website_domain": true,
          "website_endpoint": true
        },
        "before_sensitive": false,
        "after_sensitive": {
          "cors_rule": [],
          "grant": [],
          "lifecycle_rule": [],
          "logging": [],
          "object_lock_configuration": [],
          "replication_configuration": [],
          "server_side_encryption_configuration": [],
          "tags_all": {},
          "versioning": [],
          "website": []
        }
      }
    },
    {
      "address": "aws_s3_bucket_lifecycle_configuration.example",
      "mode": "managed",
      "type": "aws_s3_bucket_lifecycle_configuration",
      "name": "example",
      "provider_name": "registry.terraform.io/hashicorp/aws",
      "change": {
        "actions": [
          "create"
        ],
        "before": null,
        "after": {
          "expected_bucket_owner": null,
          "rule": [
            {
              "abort_incomplete_multipart_upload": [],
              "expiration": [],
              "filter": [],
              "id": "rule-1",
              "noncurrent_version_expiration": [],
              "noncurrent_version_transition": [],
              "prefix": null,
              "status": "Enabled",
              "transition": []
            }
          ]
        },
        "after_unknown": {
          "bucket": true,
          "id": true,
          "rule": [
            {
              "abort_incomplete_multipart_upload": [],
              "expiration": [],
              "filter": [],
              "noncurrent_version_expiration": [],
              "noncurrent_version_transition": [],
              "transition": []
            }
          ]
        },
        "before_sensitive": false,
        "after_sensitive": {
          "rule": [
            {
              "abort_incomplete_multipart_upload": [],
              "expiration": [],
              "filter": [],
              "noncurrent_version_expiration": [],
              "noncurrent_version_transition": [],
              "transition": []
            }
          ]
        }
      }
    }
  ],
  "configuration": {
    "provider_config": {
      "aws": {
        "name": "aws",
        "full_name": "registry.terraform.io/hashicorp/aws",
        "version_constraint": "~> 4.16",
        "expressions": {
        }
      }
    },
    "root_module": {
      "resources": [
        {
          "address": "aws_s3_bucket.example",
          "mode": "managed",
          "type": "aws_s3_bucket",
          "name": "example",
          "provider_config_key": "aws",
          "expressions": {
            "bucket": {
              "constant_value": "test-bucket-demo-18012003"
            }
          },
          "schema_version": 0
        },
        {
          "address": "aws_s3_bucket_lifecycle_configuration.example",
          "mode": "managed",
          "type": "aws_s3_bucket_lifecycle_configuration",
          "name": "example",
          "provider_config_key": "aws",
          "expressions": {
            "bucket": {
              "references": [
                "aws_s3_bucket.example.id",
                "aws_s3_bucket.example"
              ]
            },
            "rule": [
              {
                "id": {
                  "constant_value": "rule-1"
                },
                "status": {
                  "constant_value": "Enabled"
                }
              }
            ]
          },
          "schema_version": 0
        }
      ]
    }
  },
  "relevant_attributes": [
    {
      "resource": "aws_s3_bucket.example",
      "attribute": [
        "id"
      ]
    }
  ],
  "timestamp": "2024-01-30T09:56:27Z",
  "errored": false
}
