{
  "format_version": "1.2",
  "terraform_version": "1.8.4",
  "planned_values": {
    "root_module": {
      "resources": [
        {
          "address": "aws_eks_cluster.example",
          "mode": "managed",
          "type": "aws_eks_cluster",
          "name": "example",
          "provider_name": "registry.terraform.io/hashicorp/aws",
          "schema_version": 0,
          "values": {
            "enabled_cluster_log_types": null,
            "encryption_config": [],
            "name": "example",
            "outpost_config": [],
            "tags": null,
            "timeouts": null,
            "version": "1.21",
            "vpc_config": [
              {
                "endpoint_private_access": false,
                "endpoint_public_access": true,
                "security_group_ids": null,
                "subnet_ids": [
                  "subnet-01"
                ]
              }
            ]
          },
          "sensitive_values": {
            "certificate_authority": [],
            "encryption_config": [],
            "identity": [],
            "kubernetes_network_config": [],
            "outpost_config": [],
            "tags_all": {},
            "vpc_config": [
              {
                "public_access_cidrs": [],
                "subnet_ids": [
                  false
                ]
              }
            ]
          }
        },
        {
          "address": "aws_iam_role.example_role",
          "mode": "managed",
          "type": "aws_iam_role",
          "name": "example_role",
          "provider_name": "registry.terraform.io/hashicorp/aws",
          "schema_version": 0,
          "values": {
            "assume_role_policy": "{\"Statement\":[{\"Action\":\"sts:AssumeRole\",\"Effect\":\"Allow\",\"Principal\":{\"Service\":\"eks.amazonaws.com\"}}],\"Version\":\"2012-10-17\"}",
            "description": null,
            "force_detach_policies": false,
            "max_session_duration": 3600,
            "name": "example_role",
            "path": "/",
            "permissions_boundary": null,
            "tags": null
          },
          "sensitive_values": {
            "inline_policy": [],
            "managed_policy_arns": [],
            "role_last_used": [],
            "tags_all": {}
          }
        }
      ]
    }
  },
  "resource_changes": [
    {
      "address": "aws_eks_cluster.example",
      "mode": "managed",
      "type": "aws_eks_cluster",
      "name": "example",
      "provider_name": "registry.terraform.io/hashicorp/aws",
      "change": {
        "actions": [
          "create"
        ],
        "before": null,
        "after": {
          "enabled_cluster_log_types": null,
          "encryption_config": [],
          "name": "example",
          "outpost_config": [],
          "tags": null,
          "timeouts": null,
          "version": "1.21",
          "vpc_config": [
            {
              "endpoint_private_access": false,
              "endpoint_public_access": true,
              "security_group_ids": null,
              "subnet_ids": [
                "subnet-01"
              ]
            }
          ]
        },
        "after_unknown": {
          "arn": true,
          "certificate_authority": true,
          "cluster_id": true,
          "created_at": true,
          "encryption_config": [],
          "endpoint": true,
          "id": true,
          "identity": true,
          "kubernetes_network_config": true,
          "outpost_config": [],
          "platform_version": true,
          "role_arn": true,
          "status": true,
          "tags_all": true,
          "vpc_config": [
            {
              "cluster_security_group_id": true,
              "public_access_cidrs": true,
              "subnet_ids": [
                false
              ],
              "vpc_id": true
            }
          ]
        },
        "before_sensitive": false,
        "after_sensitive": {
          "certificate_authority": [],
          "encryption_config": [],
          "identity": [],
          "kubernetes_network_config": [],
          "outpost_config": [],
          "tags_all": {},
          "vpc_config": [
            {
              "public_access_cidrs": [],
              "subnet_ids": [
                false
              ]
            }
          ]
        }
      }
    },
    {
      "address": "aws_iam_role.example_role",
      "mode": "managed",
      "type": "aws_iam_role",
      "name": "example_role",
      "provider_name": "registry.terraform.io/hashicorp/aws",
      "change": {
        "actions": [
          "create"
        ],
        "before": null,
        "after": {
          "assume_role_policy": "{\"Statement\":[{\"Action\":\"sts:AssumeRole\",\"Effect\":\"Allow\",\"Principal\":{\"Service\":\"eks.amazonaws.com\"}}],\"Version\":\"2012-10-17\"}",
          "description": null,
          "force_detach_policies": false,
          "max_session_duration": 3600,
          "name": "example_role",
          "path": "/",
          "permissions_boundary": null,
          "tags": null
        },
        "after_unknown": {
          "arn": true,
          "create_date": true,
          "id": true,
          "inline_policy": true,
          "managed_policy_arns": true,
          "name_prefix": true,
          "role_last_used": true,
          "tags_all": true,
          "unique_id": true
        },
        "before_sensitive": false,
        "after_sensitive": {
          "inline_policy": [],
          "managed_policy_arns": [],
          "role_last_used": [],
          "tags_all": {}
        }
      }
    }
  ],
  "configuration": {
    "provider_config": {
      "aws": {
        "name": "aws",
        "full_name": "registry.terraform.io/hashicorp/aws",
        "version_constraint": "~> 4.16",
        "expressions": {
          "region": {
            "constant_value": "us-west-2"
          }
        }
      }
    },
    "root_module": {
      "resources": [
        {
          "address": "aws_eks_cluster.example",
          "mode": "managed",
          "type": "aws_eks_cluster",
          "name": "example",
          "provider_config_key": "aws",
          "expressions": {
            "name": {
              "constant_value": "example"
            },
            "role_arn": {
              "references": [
                "aws_iam_role.example_role.arn",
                "aws_iam_role.example_role"
              ]
            },
            "version": {
              "constant_value": "1.21"
            },
            "vpc_config": [
              {
                "subnet_ids": {
                  "constant_value": [
                    "subnet-01"
                  ]
                }
              }
            ]
          },
          "schema_version": 0
        },
        {
          "address": "aws_iam_role.example_role",
          "mode": "managed",
          "type": "aws_iam_role",
          "name": "example_role",
          "provider_config_key": "aws",
          "expressions": {
            "assume_role_policy": {
              "constant_value": "{\n  \"Version\": \"2012-10-17\",\n  \"Statement\": [\n    {\n      \"Action\": \"sts:AssumeRole\",\n      \"Effect\": \"Allow\",\n      \"Principal\": {\n        \"Service\": \"eks.amazonaws.com\"\n      }\n    }\n  ]\n}\n"
            },
            "name": {
              "constant_value": "example_role"
            }
          },
          "schema_version": 0
        }
      ]
    }
  },
  "relevant_attributes": [
    {
      "resource": "aws_iam_role.example_role",
      "attribute": [
        "arn"
      ]
    }
  ],
  "timestamp": "2024-06-24T08:07:03Z",
  "applyable": true,
  "complete": true,
  "errored": false
}
