{
  "format_version": "1.2",
  "terraform_version": "1.7.1",
  "planned_values": {
    "root_module": {
      "resources": [
        {
          "address": "aws_s3_bucket.example",
          "mode": "managed",
          "type": "aws_s3_bucket",
          "name": "example",
          "provider_name": "registry.terraform.io/hashicorp/aws",
          "schema_version": 0,
          "values": {
            "bucket": "my-tf-example-bucket",
            "force_destroy": false,
            "tags": null,
            "timeouts": null
          },
          "sensitive_values": {
            "cors_rule": [],
            "grant": [],
            "lifecycle_rule": [],
            "logging": [],
            "object_lock_configuration": [],
            "replication_configuration": [],
            "server_side_encryption_configuration": [],
            "tags_all": {},
            "versioning": [],
            "website": []
          }
        },
        {
          "address": "aws_s3_bucket.log_bucket",
          "mode": "managed",
          "type": "aws_s3_bucket",
          "name": "log_bucket",
          "provider_name": "registry.terraform.io/hashicorp/aws",
          "schema_version": 0,
          "values": {
            "bucket": "my-tf-log-bucket",
            "force_destroy": false,
            "tags": null,
            "timeouts": null
          },
          "sensitive_values": {
            "cors_rule": [],
            "grant": [],
            "lifecycle_rule": [],
            "logging": [],
            "object_lock_configuration": [],
            "replication_configuration": [],
            "server_side_encryption_configuration": [],
            "tags_all": {},
            "versioning": [],
            "website": []
          }
        },
        {
          "address": "aws_s3_bucket_acl.example",
          "mode": "managed",
          "type": "aws_s3_bucket_acl",
          "name": "example",
          "provider_name": "registry.terraform.io/hashicorp/aws",
          "schema_version": 0,
          "values": {
            "acl": "private",
            "expected_bucket_owner": null
          },
          "sensitive_values": {
            "access_control_policy": []
          }
        },
        {
          "address": "aws_s3_bucket_acl.log_bucket_acl",
          "mode": "managed",
          "type": "aws_s3_bucket_acl",
          "name": "log_bucket_acl",
          "provider_name": "registry.terraform.io/hashicorp/aws",
          "schema_version": 0,
          "values": {
            "acl": "log-delivery-write",
            "expected_bucket_owner": null
          },
          "sensitive_values": {
            "access_control_policy": []
          }
        }
      ]
    }
  },
  "resource_changes": [
    {
      "address": "aws_s3_bucket.example",
      "mode": "managed",
      "type": "aws_s3_bucket",
      "name": "example",
      "provider_name": "registry.terraform.io/hashicorp/aws",
      "change": {
        "actions": [
          "create"
        ],
        "before": null,
        "after": {
          "bucket": "my-tf-example-bucket",
          "force_destroy": false,
          "tags": null,
          "timeouts": null
        },
        "after_unknown": {
          "acceleration_status": true,
          "acl": true,
          "arn": true,
          "bucket_domain_name": true,
          "bucket_prefix": true,
          "bucket_regional_domain_name": true,
          "cors_rule": true,
          "grant": true,
          "hosted_zone_id": true,
          "id": true,
          "lifecycle_rule": true,
          "logging": true,
          "object_lock_configuration": true,
          "object_lock_enabled": true,
          "policy": true,
          "region": true,
          "replication_configuration": true,
          "request_payer": true,
          "server_side_encryption_configuration": true,
          "tags_all": true,
          "versioning": true,
          "website": true,
          "website_domain": true,
          "website_endpoint": true
        },
        "before_sensitive": false,
        "after_sensitive": {
          "cors_rule": [],
          "grant": [],
          "lifecycle_rule": [],
          "logging": [],
          "object_lock_configuration": [],
          "replication_configuration": [],
          "server_side_encryption_configuration": [],
          "tags_all": {},
          "versioning": [],
          "website": []
        }
      }
    },
    {
      "address": "aws_s3_bucket.log_bucket",
      "mode": "managed",
      "type": "aws_s3_bucket",
      "name": "log_bucket",
      "provider_name": "registry.terraform.io/hashicorp/aws",
      "change": {
        "actions": [
          "create"
        ],
        "before": null,
        "after": {
          "bucket": "my-tf-log-bucket",
          "force_destroy": false,
          "tags": null,
          "timeouts": null
        },
        "after_unknown": {
          "acceleration_status": true,
          "acl": true,
          "arn": true,
          "bucket_domain_name": true,
          "bucket_prefix": true,
          "bucket_regional_domain_name": true,
          "cors_rule": true,
          "grant": true,
          "hosted_zone_id": true,
          "id": true,
          "lifecycle_rule": true,
          "logging": true,
          "object_lock_configuration": true,
          "object_lock_enabled": true,
          "policy": true,
          "region": true,
          "replication_configuration": true,
          "request_payer": true,
          "server_side_encryption_configuration": true,
          "tags_all": true,
          "versioning": true,
          "website": true,
          "website_domain": true,
          "website_endpoint": true
        },
        "before_sensitive": false,
        "after_sensitive": {
          "cors_rule": [],
          "grant": [],
          "lifecycle_rule": [],
          "logging": [],
          "object_lock_configuration": [],
          "replication_configuration": [],
          "server_side_encryption_configuration": [],
          "tags_all": {},
          "versioning": [],
          "website": []
        }
      }
    },
    {
      "address": "aws_s3_bucket_acl.example",
      "mode": "managed",
      "type": "aws_s3_bucket_acl",
      "name": "example",
      "provider_name": "registry.terraform.io/hashicorp/aws",
      "change": {
        "actions": [
          "create"
        ],
        "before": null,
        "after": {
          "acl": "private",
          "expected_bucket_owner": null
        },
        "after_unknown": {
          "access_control_policy": true,
          "bucket": true,
          "id": true
        },
        "before_sensitive": false,
        "after_sensitive": {
          "access_control_policy": []
        }
      }
    },
    {
      "address": "aws_s3_bucket_acl.log_bucket_acl",
      "mode": "managed",
      "type": "aws_s3_bucket_acl",
      "name": "log_bucket_acl",
      "provider_name": "registry.terraform.io/hashicorp/aws",
      "change": {
        "actions": [
          "create"
        ],
        "before": null,
        "after": {
          "acl": "log-delivery-write",
          "expected_bucket_owner": null
        },
        "after_unknown": {
          "access_control_policy": true,
          "bucket": true,
          "id": true
        },
        "before_sensitive": false,
        "after_sensitive": {
          "access_control_policy": []
        }
      }
    }
  ],
  "configuration": {
    "provider_config": {
      "aws": {
        "name": "aws",
        "full_name": "registry.terraform.io/hashicorp/aws",
        "version_constraint": "~> 4.16",
        "expressions": {
          "access_key": {
            "constant_value": "ASIA4JFRUINQOJB3FXVJ"
          },
          "region": {
            "constant_value": "us-west-2"
          },
          "secret_key": {
            "constant_value": "fd1AQ7RHMUCT+A8kMXDzPH6A0todJ2+DvlLRUO+n"
          },
          "token": {
            "constant_value": "IQoJb3JpZ2luX2VjEO///////////wEaCXVzLWVhc3QtMiJIMEYCIQCrFU20XVnNhrVwkjzeYj6GcFDyuGQT9juUL7xQ3OEUlwIhAPuuoXX2/QfpGYksYNZMNbcazeEb4i5z8zenX6AZcSb8KpcDCLj//////////wEQAxoMODQ0MzMzNTk3NTM2IgzUIfq3EmMoym5Qi3Eq6wIx81JaeNyvxxcqy4sFoAgo+Qze+5icF6nmc+YOnieeFyfVYM9YN4R/yeSM+ddi5F2jEBlMM3t/LYvBlndAc5OjdGxuCHn64/P++G62M5KNubWCCXmw2hpTD/S4cTny3jb7cTCe+wPaiD+GRSFSHZ6zcuNHzh4ztu4N0HCOu+TUsrhjT0BBf2ITlAz3HHdQIgcHPdeYS0Gurr7vzrGKss87UdYaPww24SWySkcRw+sR89rRsOjgKJ2rbhCQaa76BEUPJ4XepQsi9e4lURdrZdNhNQcy34BnHmFExoZyhcsFl/5pLuN2oXcQAiVZTRGjl32e4BzME7/ieQW3YOV6E8ov8hK5m8KwZLG00BUlTHmoADZZv6ddIPS+g1Mx8dfR34ytwa9DRsNbQkTeq8PXHQyPMcHgON0HE8PgckQq3Vz3QmI6jQ4IFwNrV7cIiSKgqd6k9UIL3HGN/q1iWRMVfk9LUO8b40mhfi+1mGAwuayHrgY6pQH6h80hbuvYL523Y7q7tk0DjDegHkEUcaeIzwGM9ZwEhZUAJPMNd/v+uMUMMO0KCvLT7BuBNaQEbsM9L9F0S20xGX4WICGfULpjQ9hl6qGZkAb1umIXjf9fGbTphhn/fqVgMe65OXF+lvlmpQP4x6MALQu64uygB8m1pB22NB7EShgh+zsfcUN0s+jWBf4SZ7boN4rMj+AvByOB2foH74dEPE1Xf2k="
          }
        }
      }
    },
    "root_module": {
      "resources": [
        {
          "address": "aws_s3_bucket.example",
          "mode": "managed",
          "type": "aws_s3_bucket",
          "name": "example",
          "provider_config_key": "aws",
          "expressions": {
            "bucket": {
              "constant_value": "my-tf-example-bucket"
            }
          },
          "schema_version": 0
        },
        {
          "address": "aws_s3_bucket.log_bucket",
          "mode": "managed",
          "type": "aws_s3_bucket",
          "name": "log_bucket",
          "provider_config_key": "aws",
          "expressions": {
            "bucket": {
              "constant_value": "my-tf-log-bucket"
            }
          },
          "schema_version": 0
        },
        {
          "address": "aws_s3_bucket_acl.example",
          "mode": "managed",
          "type": "aws_s3_bucket_acl",
          "name": "example",
          "provider_config_key": "aws",
          "expressions": {
            "acl": {
              "constant_value": "private"
            },
            "bucket": {
              "references": [
                "aws_s3_bucket.example.id",
                "aws_s3_bucket.example"
              ]
            }
          },
          "schema_version": 0
        },
        {
          "address": "aws_s3_bucket_acl.log_bucket_acl",
          "mode": "managed",
          "type": "aws_s3_bucket_acl",
          "name": "log_bucket_acl",
          "provider_config_key": "aws",
          "expressions": {
            "acl": {
              "constant_value": "log-delivery-write"
            },
            "bucket": {
              "references": [
                "aws_s3_bucket.log_bucket.id",
                "aws_s3_bucket.log_bucket"
              ]
            }
          },
          "schema_version": 0
        }
      ]
    }
  },
  "relevant_attributes": [
    {
      "resource": "aws_s3_bucket.example",
      "attribute": [
        "id"
      ]
    },
    {
      "resource": "aws_s3_bucket.log_bucket",
      "attribute": [
        "id"
      ]
    }
  ],
  "timestamp": "2024-02-06T06:52:22Z",
  "errored": false
}
