apiVersion: policies.kyverno.io/v1alpha1
kind: ValidatingPolicy
metadata:
  name: block-s3-public-access-setting
  annotations:
    policies.kyverno.io/title: Block S3 Public Access Setting
    policies.kyverno.io/category: AWS S3 Security Best Practices
    policies.kyverno.io/severity: medium
    policies.kyverno.io/description: >-
      The Amazon S3 Block Public Access feature provides settings for access points,
      buckets, and accounts to help you manage public access to Amazon S3 resources.
      By default, new buckets, access points, and objects don't allow public access.
      However, users can modify bucket policies, access point policies, or object
      permissions to allow public access. S3 Block Public Access settings override
      these policies and permissions so that you can limit public access to these resources.
spec:
  validationActions:
    - Deny
  evaluation:
    mode: JSON
    background:
      enabled: false
  matchConstraints:
    resourceRules:
      - apiGroups: ["*"]
        apiVersions: ["*"]
        resources: ["*"]
        operations: ["CREATE", "UPDATE"]
  matchConditions:
    - name: is-terraform-plan
      expression: "has(object.resource_changes) && has(object.terraform_version)"
    - name: has-s3-bucket-or-public-access-block
      expression: |
        object.resource_changes.exists(rc,
          rc.mode == 'managed'
          && (rc.type == 'aws_s3_bucket_public_access_block' || rc.type == 'aws_s3_bucket')
          && rc.change.actions.exists(a, a == 'create' || a == 'update'))
  variables:
    - name: resource_changes
      expression: |
        object.resource_changes.filter(rc,
          rc.mode == 'managed'
          && rc.change.after != null)
    - name: public_access_blocks
      expression: "variables.resource_changes.filter(rc, rc.type == 'aws_s3_bucket_public_access_block')"
  validations:
    - expression: |
        variables.public_access_blocks.all(b,
          b.change.after.block_public_acls.orValue(false) == true)
      message: "Block Public ACLs should be set to true."
    - expression: |
        variables.public_access_blocks.all(b,
          b.change.after.block_public_policy.orValue(false) == true)
      message: "Block Public Policy should be set to true."
    - expression: |
        variables.public_access_blocks.all(b,
          b.change.after.ignore_public_acls.orValue(false) == true)
      message: "Ignore Public ACLs should be set to true."
    - expression: |
        variables.public_access_blocks.all(b,
          b.change.after.restrict_public_buckets.orValue(false) == true)
      message: "Restrict Public Buckets should be set to true."
