apiVersion: json.kyverno.io/v1alpha1
kind: ValidatingPolicy
metadata:
  name: block-s3-public-access-setting
  annotations:
    policies.kyverno.io/title: block-s3-public-access-setting 
    policies.kyverno.io/category: AWS S3 Security Best Practices
    policies.kyverno.io/severity: medium
    policies.kyverno.io/description: >-
      The Amazon S3 Block Public Access feature provides settings for access points, 
      buckets, and accounts to help you manage public access to Amazon S3 resources.
      By default, new buckets, access points, and objects don't allow public access.
      However, users can modify bucket policies, access point policies, or object 
      permissions to allow public access. S3 Block Public Access settings override 
      these policies and permissions so that you can limit public access to these resources.
spec:
  rules:
    - name: validate-block-s3-public-access-setting
      match:
        all:
        - ($analyzer.resource.type): terraform-plan
        - (planned_values.root_module.resources[?type=='aws_s3_bucket_public_access_block' || type=='aws_s3_bucket'] | length(@) > `0`): true
      assert:
        all:
        - message: Block Public ACLs should be set to true
          check:
            ~.(planned_values.root_module.resources[?type=='aws_s3_bucket_public_access_block'].values):
                block_public_acls: true
        - message: Block Public Policy should be set to true
          check:
            ~.(planned_values.root_module.resources[?type=='aws_s3_bucket_public_access_block'].values):
                block_public_policy: true  
        - message: Ignore Public ACLs should be set to true
          check:
            ~.(planned_values.root_module.resources[?type=='aws_s3_bucket_public_access_block'].values):
                ignore_public_acls: true
        - message: Restrict Public Buckets should be set to true
          check:
            ~.(planned_values.root_module.resources[?type=='aws_s3_bucket_public_access_block'].values):
                restrict_public_buckets: true                   
