{
    "format_version": "1.2",
    "terraform_version": "1.7.1-dev",
    "planned_values": {
      "root_module": {
        "resources": [
          {
            "address": "aws_ecs_task_definition.service",
            "mode": "managed",
            "type": "aws_ecs_task_definition",
            "name": "service",
            "provider_name": "registry.terraform.io/hashicorp/aws",
            "schema_version": 1,
            "values": {
              "container_definitions": "[{\"cpu\":512,\"essential\":true,\"image\":\"nginx:1.23.1\",\"memory\":2048,\"name\":\"foo-task\",\"portMappings\":[{\"containerPort\":80,\"hostPort\":80}]}]",
              "cpu": null,
              "ephemeral_storage": [],
              "execution_role_arn": null,
              "family": "service",
              "inference_accelerator": [],
              "ipc_mode": null,
              "memory": null,
              "pid_mode": null,
              "placement_constraints": [],
              "proxy_configuration": [],
              "requires_compatibilities": null,
              "runtime_platform": [],
              "skip_destroy": false,
              "tags": null,
              "task_role_arn": null,
              "volume": [
                {
                  "docker_volume_configuration": [],
                  "efs_volume_configuration": [
                    {
                      "authorization_config": [],
                      "file_system_id": "fs-0123456789abcdef0",
                      "root_directory": "/opt/data",
                      "transit_encryption": "",
                      "transit_encryption_port": 2999
                    }
                  ],
                  "fsx_windows_file_server_volume_configuration": [],
                  "host_path": "",
                  "name": "service-storage"
                }
              ]
            },
            "sensitive_values": {
              "ephemeral_storage": [],
              "inference_accelerator": [],
              "placement_constraints": [],
              "proxy_configuration": [],
              "runtime_platform": [],
              "tags_all": {},
              "volume": [
                {
                  "docker_volume_configuration": [],
                  "efs_volume_configuration": [
                    {
                      "authorization_config": []
                    }
                  ],
                  "fsx_windows_file_server_volume_configuration": []
                }
              ]
            }
          }
        ]
      }
    },
    "resource_changes": [
      {
        "address": "aws_ecs_task_definition.service",
        "mode": "managed",
        "type": "aws_ecs_task_definition",
        "name": "service",
        "provider_name": "registry.terraform.io/hashicorp/aws",
        "change": {
          "actions": [
            "create"
          ],
          "before": null,
          "after": {
            "container_definitions": "[{\"cpu\":512,\"essential\":true,\"image\":\"nginx:1.23.1\",\"memory\":2048,\"name\":\"foo-task\",\"portMappings\":[{\"containerPort\":80,\"hostPort\":80}]}]",
            "cpu": null,
            "ephemeral_storage": [],
            "execution_role_arn": null,
            "family": "service",
            "inference_accelerator": [],
            "ipc_mode": null,
            "memory": null,
            "pid_mode": null,
            "placement_constraints": [],
            "proxy_configuration": [],
            "requires_compatibilities": null,
            "runtime_platform": [],
            "skip_destroy": false,
            "tags": null,
            "task_role_arn": null,
            "volume": [
              {
                "docker_volume_configuration": [],
                "efs_volume_configuration": [
                  {
                    "authorization_config": [],
                    "file_system_id": "fs-0123456789abcdef0",
                    "root_directory": "/opt/data",
                    "transit_encryption": "",
                    "transit_encryption_port": 2999
                  }
                ],
                "fsx_windows_file_server_volume_configuration": [],
                "host_path": "",
                "name": "service-storage"
              }
            ]
          },
          "after_unknown": {
            "arn": true,
            "arn_without_revision": true,
            "ephemeral_storage": [],
            "id": true,
            "inference_accelerator": [],
            "network_mode": true,
            "placement_constraints": [],
            "proxy_configuration": [],
            "revision": true,
            "runtime_platform": [],
            "tags_all": true,
            "volume": [
              {
                "docker_volume_configuration": [],
                "efs_volume_configuration": [
                  {
                    "authorization_config": []
                  }
                ],
                "fsx_windows_file_server_volume_configuration": []
              }
            ]
          },
          "before_sensitive": false,
          "after_sensitive": {
            "ephemeral_storage": [],
            "inference_accelerator": [],
            "placement_constraints": [],
            "proxy_configuration": [],
            "runtime_platform": [],
            "tags_all": {},
            "volume": [
              {
                "docker_volume_configuration": [],
                "efs_volume_configuration": [
                  {
                    "authorization_config": []
                  }
                ],
                "fsx_windows_file_server_volume_configuration": []
              }
            ]
          }
        }
      }
    ],
    "configuration": {
      "provider_config": {
        "aws": {
          "name": "aws",
          "full_name": "registry.terraform.io/hashicorp/aws",
          "version_constraint": "~> 4.0",
          "expressions": {
            "region": {
              "constant_value": "us-west-1"
            }
          }
        },
        "docker": {
          "name": "docker",
          "full_name": "registry.terraform.io/kreuzwerker/docker",
          "version_constraint": "~> 2.20.0"
        }
      },
      "root_module": {
        "resources": [
          {
            "address": "aws_ecs_task_definition.service",
            "mode": "managed",
            "type": "aws_ecs_task_definition",
            "name": "service",
            "provider_config_key": "aws",
            "expressions": {
              "container_definitions": {
                "constant_value": "  [\n    {\n      \"name\"      : \"foo-task\",\n      \"image\"     : \"nginx:1.23.1\",\n      \"cpu\"       : 512,\n      \"memory\"    : 2048,\n      \"essential\" : true,\n      \"portMappings\" : [\n        {\n          \"containerPort\" : 80,\n          \"hostPort\"      : 80\n        }\n      ]\n    }\n  ]\n"
              },
              "family": {
                "constant_value": "service"
              },
              "volume": [
                {
                  "efs_volume_configuration": [
                    {
                      "file_system_id": {
                        "constant_value": "fs-0123456789abcdef0"
                      },
                      "root_directory": {
                        "constant_value": "/opt/data"
                      },
                      "transit_encryption_port": {
                        "constant_value": 2999
                      }
                    }
                  ],
                  "name": {
                    "constant_value": "service-storage"
                  }
                }
              ]
            },
            "schema_version": 1
          }
        ]
      }
    },
    "timestamp": "2024-01-30T13:31:07Z",
    "errored": false
  }
  