{
    "format_version": "1.2",
    "terraform_version": "1.6.6",
    "planned_values": {
      "root_module": {
        "resources": [
          {
            "address": "aws_kms_key.mykey",
            "mode": "managed",
            "type": "aws_kms_key",
            "name": "mykey",
            "provider_name": "registry.terraform.io/hashicorp/aws",
            "schema_version": 0,
            "values": {
              "bypass_policy_lockout_safety_check": false,
              "custom_key_store_id": null,
              "customer_master_key_spec": "SYMMETRIC_DEFAULT",
              "deletion_window_in_days": 10,
              "description": "This key is used to encrypt bucket objects",
              "enable_key_rotation": false,
              "is_enabled": true,
              "key_usage": "ENCRYPT_DECRYPT",
              "tags": null
            },
            "sensitive_values": {
              "tags_all": {}
            }
          },
          {
            "address": "aws_s3_bucket.mybucket",
            "mode": "managed",
            "type": "aws_s3_bucket",
            "name": "mybucket",
            "provider_name": "registry.terraform.io/hashicorp/aws",
            "schema_version": 0,
            "values": {
              "acceleration_status": "",
              "acl": null,
              "arn": "arn:aws:s3:::nitish-s3-bucket-encryption",
              "bucket": "nitish-s3-bucket-encryption",
              "bucket_domain_name": "nitish-s3-bucket-encryption.s3.amazonaws.com",
              "bucket_prefix": "",
              "bucket_regional_domain_name": "nitish-s3-bucket-encryption.s3.us-west-2.amazonaws.com",
              "cors_rule": [],
              "force_destroy": false,
              "grant": [
                {
                  "id": "62ea66bd2e8f7e76e4fb466e942a41389d6057fcc90d732feaac373bb0d0a7a5",
                  "permissions": [
                    "FULL_CONTROL"
                  ],
                  "type": "CanonicalUser",
                  "uri": ""
                }
              ],
              "hosted_zone_id": "Z3BJ6K6RIION7M",
              "id": "nitish-s3-bucket-encryption",
              "lifecycle_rule": [],
              "logging": [],
              "object_lock_configuration": [],
              "object_lock_enabled": false,
              "policy": "",
              "region": "us-west-2",
              "replication_configuration": [],
              "request_payer": "BucketOwner",
              "server_side_encryption_configuration": [
                {
                  "rule": [
                    {
                      "apply_server_side_encryption_by_default": [
                        {
                          "kms_master_key_id": "",
                          "sse_algorithm": "AES256"
                        }
                      ],
                      "bucket_key_enabled": false
                    }
                  ]
                }
              ],
              "tags": {},
              "tags_all": {},
              "timeouts": null,
              "versioning": [
                {
                  "enabled": false,
                  "mfa_delete": false
                }
              ],
              "website": [],
              "website_domain": null,
              "website_endpoint": null
            },
            "sensitive_values": {
              "cors_rule": [],
              "grant": [
                {
                  "permissions": [
                    false
                  ]
                }
              ],
              "lifecycle_rule": [],
              "logging": [],
              "object_lock_configuration": [],
              "replication_configuration": [],
              "server_side_encryption_configuration": [
                {
                  "rule": [
                    {
                      "apply_server_side_encryption_by_default": [
                        {}
                      ]
                    }
                  ]
                }
              ],
              "tags": {},
              "tags_all": {},
              "versioning": [
                {}
              ],
              "website": []
            }
          }
        ]
      }
    },
    "resource_drift": [
      {
        "address": "aws_s3_bucket.mybucket",
        "mode": "managed",
        "type": "aws_s3_bucket",
        "name": "mybucket",
        "provider_name": "registry.terraform.io/hashicorp/aws",
        "change": {
          "actions": [
            "update"
          ],
          "before": {
            "acceleration_status": "",
            "acl": null,
            "arn": "arn:aws:s3:::nitish-s3-bucket-encryption",
            "bucket": "nitish-s3-bucket-encryption",
            "bucket_domain_name": "nitish-s3-bucket-encryption.s3.amazonaws.com",
            "bucket_prefix": "",
            "bucket_regional_domain_name": "nitish-s3-bucket-encryption.s3.us-west-2.amazonaws.com",
            "cors_rule": [],
            "force_destroy": false,
            "grant": [
              {
                "id": "62ea66bd2e8f7e76e4fb466e942a41389d6057fcc90d732feaac373bb0d0a7a5",
                "permissions": [
                  "FULL_CONTROL"
                ],
                "type": "CanonicalUser",
                "uri": ""
              }
            ],
            "hosted_zone_id": "Z3BJ6K6RIION7M",
            "id": "nitish-s3-bucket-encryption",
            "lifecycle_rule": [],
            "logging": [],
            "object_lock_configuration": [],
            "object_lock_enabled": false,
            "policy": "",
            "region": "us-west-2",
            "replication_configuration": [],
            "request_payer": "BucketOwner",
            "server_side_encryption_configuration": [
              {
                "rule": [
                  {
                    "apply_server_side_encryption_by_default": [
                      {
                        "kms_master_key_id": "",
                        "sse_algorithm": "AES256"
                      }
                    ],
                    "bucket_key_enabled": false
                  }
                ]
              }
            ],
            "tags": null,
            "tags_all": {},
            "timeouts": null,
            "versioning": [
              {
                "enabled": false,
                "mfa_delete": false
              }
            ],
            "website": [],
            "website_domain": null,
            "website_endpoint": null
          },
          "after": {
            "acceleration_status": "",
            "acl": null,
            "arn": "arn:aws:s3:::nitish-s3-bucket-encryption",
            "bucket": "nitish-s3-bucket-encryption",
            "bucket_domain_name": "nitish-s3-bucket-encryption.s3.amazonaws.com",
            "bucket_prefix": "",
            "bucket_regional_domain_name": "nitish-s3-bucket-encryption.s3.us-west-2.amazonaws.com",
            "cors_rule": [],
            "force_destroy": false,
            "grant": [
              {
                "id": "62ea66bd2e8f7e76e4fb466e942a41389d6057fcc90d732feaac373bb0d0a7a5",
                "permissions": [
                  "FULL_CONTROL"
                ],
                "type": "CanonicalUser",
                "uri": ""
              }
            ],
            "hosted_zone_id": "Z3BJ6K6RIION7M",
            "id": "nitish-s3-bucket-encryption",
            "lifecycle_rule": [],
            "logging": [],
            "object_lock_configuration": [],
            "object_lock_enabled": false,
            "policy": "",
            "region": "us-west-2",
            "replication_configuration": [],
            "request_payer": "BucketOwner",
            "server_side_encryption_configuration": [
              {
                "rule": [
                  {
                    "apply_server_side_encryption_by_default": [
                      {
                        "kms_master_key_id": "",
                        "sse_algorithm": "AES256"
                      }
                    ],
                    "bucket_key_enabled": false
                  }
                ]
              }
            ],
            "tags": {},
            "tags_all": {},
            "timeouts": null,
            "versioning": [
              {
                "enabled": false,
                "mfa_delete": false
              }
            ],
            "website": [],
            "website_domain": null,
            "website_endpoint": null
          },
          "after_unknown": {},
          "before_sensitive": {
            "cors_rule": [],
            "grant": [
              {
                "permissions": [
                  false
                ]
              }
            ],
            "lifecycle_rule": [],
            "logging": [],
            "object_lock_configuration": [],
            "replication_configuration": [],
            "server_side_encryption_configuration": [
              {
                "rule": [
                  {
                    "apply_server_side_encryption_by_default": [
                      {}
                    ]
                  }
                ]
              }
            ],
            "tags_all": {},
            "versioning": [
              {}
            ],
            "website": []
          },
          "after_sensitive": {
            "cors_rule": [],
            "grant": [
              {
                "permissions": [
                  false
                ]
              }
            ],
            "lifecycle_rule": [],
            "logging": [],
            "object_lock_configuration": [],
            "replication_configuration": [],
            "server_side_encryption_configuration": [
              {
                "rule": [
                  {
                    "apply_server_side_encryption_by_default": [
                      {}
                    ]
                  }
                ]
              }
            ],
            "tags": {},
            "tags_all": {},
            "versioning": [
              {}
            ],
            "website": []
          }
        }
      }
    ],
    "resource_changes": [
      {
        "address": "aws_kms_key.mykey",
        "mode": "managed",
        "type": "aws_kms_key",
        "name": "mykey",
        "provider_name": "registry.terraform.io/hashicorp/aws",
        "change": {
          "actions": [
            "create"
          ],
          "before": null,
          "after": {
            "bypass_policy_lockout_safety_check": false,
            "custom_key_store_id": null,
            "customer_master_key_spec": "SYMMETRIC_DEFAULT",
            "deletion_window_in_days": 10,
            "description": "This key is used to encrypt bucket objects",
            "enable_key_rotation": false,
            "is_enabled": true,
            "key_usage": "ENCRYPT_DECRYPT",
            "tags": null
          },
          "after_unknown": {
            "arn": true,
            "id": true,
            "key_id": true,
            "multi_region": true,
            "policy": true,
            "tags_all": true
          },
          "before_sensitive": false,
          "after_sensitive": {
            "tags_all": {}
          }
        }
      },
      {
        "address": "aws_s3_bucket.mybucket",
        "mode": "managed",
        "type": "aws_s3_bucket",
        "name": "mybucket",
        "provider_name": "registry.terraform.io/hashicorp/aws",
        "change": {
          "actions": [
            "no-op"
          ],
          "before": {
            "acceleration_status": "",
            "acl": null,
            "arn": "arn:aws:s3:::nitish-s3-bucket-encryption",
            "bucket": "nitish-s3-bucket-encryption",
            "bucket_domain_name": "nitish-s3-bucket-encryption.s3.amazonaws.com",
            "bucket_prefix": "",
            "bucket_regional_domain_name": "nitish-s3-bucket-encryption.s3.us-west-2.amazonaws.com",
            "cors_rule": [],
            "force_destroy": false,
            "grant": [
              {
                "id": "62ea66bd2e8f7e76e4fb466e942a41389d6057fcc90d732feaac373bb0d0a7a5",
                "permissions": [
                  "FULL_CONTROL"
                ],
                "type": "CanonicalUser",
                "uri": ""
              }
            ],
            "hosted_zone_id": "Z3BJ6K6RIION7M",
            "id": "nitish-s3-bucket-encryption",
            "lifecycle_rule": [],
            "logging": [],
            "object_lock_configuration": [],
            "object_lock_enabled": false,
            "policy": "",
            "region": "us-west-2",
            "replication_configuration": [],
            "request_payer": "BucketOwner",
            "server_side_encryption_configuration": [
              {
                "rule": [
                  {
                    "apply_server_side_encryption_by_default": [
                      {
                        "kms_master_key_id": "",
                        "sse_algorithm": "AES256"
                      }
                    ],
                    "bucket_key_enabled": false
                  }
                ]
              }
            ],
            "tags": {},
            "tags_all": {},
            "timeouts": null,
            "versioning": [
              {
                "enabled": false,
                "mfa_delete": false
              }
            ],
            "website": [],
            "website_domain": null,
            "website_endpoint": null
          },
          "after": {
            "acceleration_status": "",
            "acl": null,
            "arn": "arn:aws:s3:::nitish-s3-bucket-encryption",
            "bucket": "nitish-s3-bucket-encryption",
            "bucket_domain_name": "nitish-s3-bucket-encryption.s3.amazonaws.com",
            "bucket_prefix": "",
            "bucket_regional_domain_name": "nitish-s3-bucket-encryption.s3.us-west-2.amazonaws.com",
            "cors_rule": [],
            "force_destroy": false,
            "grant": [
              {
                "id": "62ea66bd2e8f7e76e4fb466e942a41389d6057fcc90d732feaac373bb0d0a7a5",
                "permissions": [
                  "FULL_CONTROL"
                ],
                "type": "CanonicalUser",
                "uri": ""
              }
            ],
            "hosted_zone_id": "Z3BJ6K6RIION7M",
            "id": "nitish-s3-bucket-encryption",
            "lifecycle_rule": [],
            "logging": [],
            "object_lock_configuration": [],
            "object_lock_enabled": false,
            "policy": "",
            "region": "us-west-2",
            "replication_configuration": [],
            "request_payer": "BucketOwner",
            "server_side_encryption_configuration": [
              {
                "rule": [
                  {
                    "apply_server_side_encryption_by_default": [
                      {
                        "kms_master_key_id": "",
                        "sse_algorithm": "AES256"
                      }
                    ],
                    "bucket_key_enabled": false
                  }
                ]
              }
            ],
            "tags": {},
            "tags_all": {},
            "timeouts": null,
            "versioning": [
              {
                "enabled": false,
                "mfa_delete": false
              }
            ],
            "website": [],
            "website_domain": null,
            "website_endpoint": null
          },
          "after_unknown": {},
          "before_sensitive": {
            "cors_rule": [],
            "grant": [
              {
                "permissions": [
                  false
                ]
              }
            ],
            "lifecycle_rule": [],
            "logging": [],
            "object_lock_configuration": [],
            "replication_configuration": [],
            "server_side_encryption_configuration": [
              {
                "rule": [
                  {
                    "apply_server_side_encryption_by_default": [
                      {}
                    ]
                  }
                ]
              }
            ],
            "tags": {},
            "tags_all": {},
            "versioning": [
              {}
            ],
            "website": []
          },
          "after_sensitive": {
            "cors_rule": [],
            "grant": [
              {
                "permissions": [
                  false
                ]
              }
            ],
            "lifecycle_rule": [],
            "logging": [],
            "object_lock_configuration": [],
            "replication_configuration": [],
            "server_side_encryption_configuration": [
              {
                "rule": [
                  {
                    "apply_server_side_encryption_by_default": [
                      {}
                    ]
                  }
                ]
              }
            ],
            "tags": {},
            "tags_all": {},
            "versioning": [
              {}
            ],
            "website": []
          }
        }
      }
    ],
    "prior_state": {
      "format_version": "1.0",
      "terraform_version": "1.6.6",
      "values": {
        "root_module": {
          "resources": [
            {
              "address": "aws_s3_bucket.mybucket",
              "mode": "managed",
              "type": "aws_s3_bucket",
              "name": "mybucket",
              "provider_name": "registry.terraform.io/hashicorp/aws",
              "schema_version": 0,
              "values": {
                "acceleration_status": "",
                "acl": null,
                "arn": "arn:aws:s3:::nitish-s3-bucket-encryption",
                "bucket": "nitish-s3-bucket-encryption",
                "bucket_domain_name": "nitish-s3-bucket-encryption.s3.amazonaws.com",
                "bucket_prefix": "",
                "bucket_regional_domain_name": "nitish-s3-bucket-encryption.s3.us-west-2.amazonaws.com",
                "cors_rule": [],
                "force_destroy": false,
                "grant": [
                  {
                    "id": "62ea66bd2e8f7e76e4fb466e942a41389d6057fcc90d732feaac373bb0d0a7a5",
                    "permissions": [
                      "FULL_CONTROL"
                    ],
                    "type": "CanonicalUser",
                    "uri": ""
                  }
                ],
                "hosted_zone_id": "Z3BJ6K6RIION7M",
                "id": "nitish-s3-bucket-encryption",
                "lifecycle_rule": [],
                "logging": [],
                "object_lock_configuration": [],
                "object_lock_enabled": false,
                "policy": "",
                "region": "us-west-2",
                "replication_configuration": [],
                "request_payer": "BucketOwner",
                "server_side_encryption_configuration": [
                  {
                    "rule": [
                      {
                        "apply_server_side_encryption_by_default": [
                          {
                            "kms_master_key_id": "",
                            "sse_algorithm": "AES256"
                          }
                        ],
                        "bucket_key_enabled": false
                      }
                    ]
                  }
                ],
                "tags": {},
                "tags_all": {},
                "timeouts": null,
                "versioning": [
                  {
                    "enabled": false,
                    "mfa_delete": false
                  }
                ],
                "website": [],
                "website_domain": null,
                "website_endpoint": null
              },
              "sensitive_values": {
                "cors_rule": [],
                "grant": [
                  {
                    "permissions": [
                      false
                    ]
                  }
                ],
                "lifecycle_rule": [],
                "logging": [],
                "object_lock_configuration": [],
                "replication_configuration": [],
                "server_side_encryption_configuration": [
                  {
                    "rule": [
                      {
                        "apply_server_side_encryption_by_default": [
                          {}
                        ]
                      }
                    ]
                  }
                ],
                "tags": {},
                "tags_all": {},
                "versioning": [
                  {}
                ],
                "website": []
              }
            }
          ]
        }
      }
    },
    "configuration": {
      "provider_config": {
        "aws": {
          "name": "aws",
          "full_name": "registry.terraform.io/hashicorp/aws",
          "version_constraint": "~> 4.16",
          "expressions": {
          }
        }
      },
      "root_module": {
        "resources": [
          {
            "address": "aws_kms_key.mykey",
            "mode": "managed",
            "type": "aws_kms_key",
            "name": "mykey",
            "provider_config_key": "aws",
            "expressions": {
              "deletion_window_in_days": {
                "constant_value": 10
              },
              "description": {
                "constant_value": "This key is used to encrypt bucket objects"
              }
            },
            "schema_version": 0
          },
          {
            "address": "aws_s3_bucket.mybucket",
            "mode": "managed",
            "type": "aws_s3_bucket",
            "name": "mybucket",
            "provider_config_key": "aws",
            "expressions": {
              "bucket": {
                "constant_value": "nitish-s3-bucket-encryption"
              }
            },
            "schema_version": 0
          }
        ]
      }
    },
    "relevant_attributes": [
      {
        "resource": "aws_s3_bucket.mybucket",
        "attribute": [
          "id"
        ]
      }
    ],
    "timestamp": "2024-01-18T19:12:30Z",
    "errored": false
  }
  