{
  "format_version": "1.2",
  "terraform_version": "1.6.6",
  "planned_values": {
    "root_module": {
      "resources": [
        {
          "address": "aws_iam_policy.replication",
          "mode": "managed",
          "type": "aws_iam_policy",
          "name": "replication",
          "provider_name": "registry.terraform.io/hashicorp/aws",
          "schema_version": 0,
          "values": {
            "description": null,
            "name": "tf-iam-role-policy-replication-12345",
            "path": "/",
            "tags": null
          },
          "sensitive_values": {
            "tags_all": {}
          }
        },
        {
          "address": "aws_iam_role.replication",
          "mode": "managed",
          "type": "aws_iam_role",
          "name": "replication",
          "provider_name": "registry.terraform.io/hashicorp/aws",
          "schema_version": 0,
          "values": {
            "assume_role_policy": "{\"Statement\":[{\"Action\":\"sts:AssumeRole\",\"Effect\":\"Allow\",\"Principal\":{\"Service\":\"s3.amazonaws.com\"}}],\"Version\":\"2012-10-17\"}",
            "description": null,
            "force_detach_policies": false,
            "max_session_duration": 3600,
            "name": "tf-iam-role-replication-12345",
            "path": "/",
            "permissions_boundary": null,
            "tags": null
          },
          "sensitive_values": {
            "inline_policy": [],
            "managed_policy_arns": [],
            "tags_all": {}
          }
        },
        {
          "address": "aws_iam_role_policy_attachment.replication",
          "mode": "managed",
          "type": "aws_iam_role_policy_attachment",
          "name": "replication",
          "provider_name": "registry.terraform.io/hashicorp/aws",
          "schema_version": 0,
          "values": {
            "role": "tf-iam-role-replication-12345"
          },
          "sensitive_values": {}
        },
        {
          "address": "aws_s3_bucket.destination",
          "mode": "managed",
          "type": "aws_s3_bucket",
          "name": "destination",
          "provider_name": "registry.terraform.io/hashicorp/aws",
          "schema_version": 0,
          "values": {
            "bucket": "tf-test-bucket-destination-nitish-12345",
            "force_destroy": false,
            "tags": null,
            "timeouts": null
          },
          "sensitive_values": {
            "cors_rule": [],
            "grant": [],
            "lifecycle_rule": [],
            "logging": [],
            "object_lock_configuration": [],
            "replication_configuration": [],
            "server_side_encryption_configuration": [],
            "tags_all": {},
            "versioning": [],
            "website": []
          }
        },
        {
          "address": "aws_s3_bucket.source",
          "mode": "managed",
          "type": "aws_s3_bucket",
          "name": "source",
          "provider_name": "registry.terraform.io/hashicorp/aws",
          "schema_version": 0,
          "values": {
            "bucket": "tf-test-bucket-source-nitish-12345",
            "force_destroy": false,
            "tags": null,
            "timeouts": null
          },
          "sensitive_values": {
            "cors_rule": [],
            "grant": [],
            "lifecycle_rule": [],
            "logging": [],
            "object_lock_configuration": [],
            "replication_configuration": [],
            "server_side_encryption_configuration": [],
            "tags_all": {},
            "versioning": [],
            "website": []
          }
        },
        {
          "address": "aws_s3_bucket_replication_configuration.replication",
          "mode": "managed",
          "type": "aws_s3_bucket_replication_configuration",
          "name": "replication",
          "provider_name": "registry.terraform.io/hashicorp/aws",
          "schema_version": 0,
          "values": {
            "rule": [
              {
                "delete_marker_replication": [
                  {
                    "status": "Enabled"
                  }
                ],
                "destination": [
                  {
                    "access_control_translation": [],
                    "account": null,
                    "encryption_configuration": [],
                    "metrics": [],
                    "replication_time": [],
                    "storage_class": "STANDARD"
                  }
                ],
                "existing_object_replication": [],
                "filter": [
                  {
                    "and": [],
                    "prefix": "foo",
                    "tag": []
                  }
                ],
                "id": "foobar",
                "prefix": null,
                "priority": null,
                "source_selection_criteria": [],
                "status": "Disabled"
              }
            ],
            "token": null
          },
          "sensitive_values": {
            "rule": [
              {
                "delete_marker_replication": [
                  {}
                ],
                "destination": [
                  {
                    "access_control_translation": [],
                    "encryption_configuration": [],
                    "metrics": [],
                    "replication_time": []
                  }
                ],
                "existing_object_replication": [],
                "filter": [
                  {
                    "and": [],
                    "tag": []
                  }
                ],
                "source_selection_criteria": []
              }
            ]
          }
        },
        {
          "address": "aws_s3_bucket_versioning.destination",
          "mode": "managed",
          "type": "aws_s3_bucket_versioning",
          "name": "destination",
          "provider_name": "registry.terraform.io/hashicorp/aws",
          "schema_version": 0,
          "values": {
            "expected_bucket_owner": null,
            "mfa": null,
            "versioning_configuration": [
              {
                "status": "Enabled"
              }
            ]
          },
          "sensitive_values": {
            "versioning_configuration": [
              {}
            ]
          }
        },
        {
          "address": "aws_s3_bucket_versioning.source",
          "mode": "managed",
          "type": "aws_s3_bucket_versioning",
          "name": "source",
          "provider_name": "registry.terraform.io/hashicorp/aws",
          "schema_version": 0,
          "values": {
            "expected_bucket_owner": null,
            "mfa": null,
            "versioning_configuration": [
              {
                "status": "Enabled"
              }
            ]
          },
          "sensitive_values": {
            "versioning_configuration": [
              {}
            ]
          }
        },
        {
          "address": "data.aws_iam_policy_document.replication",
          "mode": "data",
          "type": "aws_iam_policy_document",
          "name": "replication",
          "provider_name": "registry.terraform.io/hashicorp/aws",
          "schema_version": 0,
          "values": {
            "override_policy_documents": null,
            "policy_id": null,
            "source_policy_documents": null,
            "statement": [
              {
                "actions": [
                  "s3:GetReplicationConfiguration",
                  "s3:ListBucket"
                ],
                "condition": [],
                "effect": "Allow",
                "not_actions": null,
                "not_principals": [],
                "not_resources": null,
                "principals": [],
                "resources": [
                  null
                ],
                "sid": null
              },
              {
                "actions": [
                  "s3:GetObjectVersionAcl",
                  "s3:GetObjectVersionForReplication",
                  "s3:GetObjectVersionTagging"
                ],
                "condition": [],
                "effect": "Allow",
                "not_actions": null,
                "not_principals": [],
                "not_resources": null,
                "principals": [],
                "resources": [
                  null
                ],
                "sid": null
              },
              {
                "actions": [
                  "s3:ReplicateObject",
                  "s3:ReplicateTags"
                ],
                "condition": [],
                "effect": "Allow",
                "not_actions": null,
                "not_principals": [],
                "not_resources": null,
                "principals": [],
                "resources": [
                  null
                ],
                "sid": null
              }
            ],
            "version": null
          },
          "sensitive_values": {
            "statement": [
              {
                "actions": [
                  false,
                  false
                ],
                "condition": [],
                "not_principals": [],
                "principals": [],
                "resources": [
                  false
                ]
              },
              {
                "actions": [
                  false,
                  false,
                  false
                ],
                "condition": [],
                "not_principals": [],
                "principals": [],
                "resources": [
                  false
                ]
              },
              {
                "actions": [
                  false,
                  false
                ],
                "condition": [],
                "not_principals": [],
                "principals": [],
                "resources": [
                  false
                ]
              }
            ]
          }
        }
      ]
    }
  },
  "resource_changes": [
    {
      "address": "data.aws_iam_policy_document.replication",
      "mode": "data",
      "type": "aws_iam_policy_document",
      "name": "replication",
      "provider_name": "registry.terraform.io/hashicorp/aws",
      "change": {
        "actions": [
          "read"
        ],
        "before": null,
        "after": {
          "override_policy_documents": null,
          "policy_id": null,
          "source_policy_documents": null,
          "statement": [
            {
              "actions": [
                "s3:GetReplicationConfiguration",
                "s3:ListBucket"
              ],
              "condition": [],
              "effect": "Allow",
              "not_actions": null,
              "not_principals": [],
              "not_resources": null,
              "principals": [],
              "resources": [
                null
              ],
              "sid": null
            },
            {
              "actions": [
                "s3:GetObjectVersionAcl",
                "s3:GetObjectVersionForReplication",
                "s3:GetObjectVersionTagging"
              ],
              "condition": [],
              "effect": "Allow",
              "not_actions": null,
              "not_principals": [],
              "not_resources": null,
              "principals": [],
              "resources": [
                null
              ],
              "sid": null
            },
            {
              "actions": [
                "s3:ReplicateObject",
                "s3:ReplicateTags"
              ],
              "condition": [],
              "effect": "Allow",
              "not_actions": null,
              "not_principals": [],
              "not_resources": null,
              "principals": [],
              "resources": [
                null
              ],
              "sid": null
            }
          ],
          "version": null
        },
        "after_unknown": {
          "id": true,
          "json": true,
          "statement": [
            {
              "actions": [
                false,
                false
              ],
              "condition": [],
              "not_principals": [],
              "principals": [],
              "resources": [
                true
              ]
            },
            {
              "actions": [
                false,
                false,
                false
              ],
              "condition": [],
              "not_principals": [],
              "principals": [],
              "resources": [
                true
              ]
            },
            {
              "actions": [
                false,
                false
              ],
              "condition": [],
              "not_principals": [],
              "principals": [],
              "resources": [
                true
              ]
            }
          ]
        },
        "before_sensitive": false,
        "after_sensitive": {
          "statement": [
            {
              "actions": [
                false,
                false
              ],
              "condition": [],
              "not_principals": [],
              "principals": [],
              "resources": [
                false
              ]
            },
            {
              "actions": [
                false,
                false,
                false
              ],
              "condition": [],
              "not_principals": [],
              "principals": [],
              "resources": [
                false
              ]
            },
            {
              "actions": [
                false,
                false
              ],
              "condition": [],
              "not_principals": [],
              "principals": [],
              "resources": [
                false
              ]
            }
          ]
        }
      },
      "action_reason": "read_because_config_unknown"
    },
    {
      "address": "aws_iam_policy.replication",
      "mode": "managed",
      "type": "aws_iam_policy",
      "name": "replication",
      "provider_name": "registry.terraform.io/hashicorp/aws",
      "change": {
        "actions": [
          "create"
        ],
        "before": null,
        "after": {
          "description": null,
          "name": "tf-iam-role-policy-replication-12345",
          "path": "/",
          "tags": null
        },
        "after_unknown": {
          "arn": true,
          "id": true,
          "name_prefix": true,
          "policy": true,
          "policy_id": true,
          "tags_all": true
        },
        "before_sensitive": false,
        "after_sensitive": {
          "tags_all": {}
        }
      }
    },
    {
      "address": "aws_iam_role.replication",
      "mode": "managed",
      "type": "aws_iam_role",
      "name": "replication",
      "provider_name": "registry.terraform.io/hashicorp/aws",
      "change": {
        "actions": [
          "create"
        ],
        "before": null,
        "after": {
          "assume_role_policy": "{\"Statement\":[{\"Action\":\"sts:AssumeRole\",\"Effect\":\"Allow\",\"Principal\":{\"Service\":\"s3.amazonaws.com\"}}],\"Version\":\"2012-10-17\"}",
          "description": null,
          "force_detach_policies": false,
          "max_session_duration": 3600,
          "name": "tf-iam-role-replication-12345",
          "path": "/",
          "permissions_boundary": null,
          "tags": null
        },
        "after_unknown": {
          "arn": true,
          "create_date": true,
          "id": true,
          "inline_policy": true,
          "managed_policy_arns": true,
          "name_prefix": true,
          "tags_all": true,
          "unique_id": true
        },
        "before_sensitive": false,
        "after_sensitive": {
          "inline_policy": [],
          "managed_policy_arns": [],
          "tags_all": {}
        }
      }
    },
    {
      "address": "aws_iam_role_policy_attachment.replication",
      "mode": "managed",
      "type": "aws_iam_role_policy_attachment",
      "name": "replication",
      "provider_name": "registry.terraform.io/hashicorp/aws",
      "change": {
        "actions": [
          "create"
        ],
        "before": null,
        "after": {
          "role": "tf-iam-role-replication-12345"
        },
        "after_unknown": {
          "id": true,
          "policy_arn": true
        },
        "before_sensitive": false,
        "after_sensitive": {}
      }
    },
    {
      "address": "aws_s3_bucket.destination",
      "mode": "managed",
      "type": "aws_s3_bucket",
      "name": "destination",
      "provider_name": "registry.terraform.io/hashicorp/aws",
      "change": {
        "actions": [
          "create"
        ],
        "before": null,
        "after": {
          "bucket": "tf-test-bucket-destination-nitish-12345",
          "force_destroy": false,
          "tags": null,
          "timeouts": null
        },
        "after_unknown": {
          "acceleration_status": true,
          "acl": true,
          "arn": true,
          "bucket_domain_name": true,
          "bucket_prefix": true,
          "bucket_regional_domain_name": true,
          "cors_rule": true,
          "grant": true,
          "hosted_zone_id": true,
          "id": true,
          "lifecycle_rule": true,
          "logging": true,
          "object_lock_configuration": true,
          "object_lock_enabled": true,
          "policy": true,
          "region": true,
          "replication_configuration": true,
          "request_payer": true,
          "server_side_encryption_configuration": true,
          "tags_all": true,
          "versioning": true,
          "website": true,
          "website_domain": true,
          "website_endpoint": true
        },
        "before_sensitive": false,
        "after_sensitive": {
          "cors_rule": [],
          "grant": [],
          "lifecycle_rule": [],
          "logging": [],
          "object_lock_configuration": [],
          "replication_configuration": [],
          "server_side_encryption_configuration": [],
          "tags_all": {},
          "versioning": [],
          "website": []
        }
      }
    },
    {
      "address": "aws_s3_bucket.source",
      "mode": "managed",
      "type": "aws_s3_bucket",
      "name": "source",
      "provider_name": "registry.terraform.io/hashicorp/aws",
      "change": {
        "actions": [
          "create"
        ],
        "before": null,
        "after": {
          "bucket": "tf-test-bucket-source-nitish-12345",
          "force_destroy": false,
          "tags": null,
          "timeouts": null
        },
        "after_unknown": {
          "acceleration_status": true,
          "acl": true,
          "arn": true,
          "bucket_domain_name": true,
          "bucket_prefix": true,
          "bucket_regional_domain_name": true,
          "cors_rule": true,
          "grant": true,
          "hosted_zone_id": true,
          "id": true,
          "lifecycle_rule": true,
          "logging": true,
          "object_lock_configuration": true,
          "object_lock_enabled": true,
          "policy": true,
          "region": true,
          "replication_configuration": true,
          "request_payer": true,
          "server_side_encryption_configuration": true,
          "tags_all": true,
          "versioning": true,
          "website": true,
          "website_domain": true,
          "website_endpoint": true
        },
        "before_sensitive": false,
        "after_sensitive": {
          "cors_rule": [],
          "grant": [],
          "lifecycle_rule": [],
          "logging": [],
          "object_lock_configuration": [],
          "replication_configuration": [],
          "server_side_encryption_configuration": [],
          "tags_all": {},
          "versioning": [],
          "website": []
        }
      }
    },
    {
      "address": "aws_s3_bucket_replication_configuration.replication",
      "mode": "managed",
      "type": "aws_s3_bucket_replication_configuration",
      "name": "replication",
      "provider_name": "registry.terraform.io/hashicorp/aws",
      "change": {
        "actions": [
          "create"
        ],
        "before": null,
        "after": {
          "rule": [
            {
              "delete_marker_replication": [
                {
                  "status": "Enabled"
                }
              ],
              "destination": [
                {
                  "access_control_translation": [],
                  "account": null,
                  "encryption_configuration": [],
                  "metrics": [],
                  "replication_time": [],
                  "storage_class": "STANDARD"
                }
              ],
              "existing_object_replication": [],
              "filter": [
                {
                  "and": [],
                  "prefix": "foo",
                  "tag": []
                }
              ],
              "id": "foobar",
              "prefix": null,
              "priority": null,
              "source_selection_criteria": [],
              "status": "Disabled"
            }
          ],
          "token": null
        },
        "after_unknown": {
          "bucket": true,
          "id": true,
          "role": true,
          "rule": [
            {
              "delete_marker_replication": [
                {}
              ],
              "destination": [
                {
                  "access_control_translation": [],
                  "bucket": true,
                  "encryption_configuration": [],
                  "metrics": [],
                  "replication_time": []
                }
              ],
              "existing_object_replication": [],
              "filter": [
                {
                  "and": [],
                  "tag": []
                }
              ],
              "source_selection_criteria": []
            }
          ]
        },
        "before_sensitive": false,
        "after_sensitive": {
          "rule": [
            {
              "delete_marker_replication": [
                {}
              ],
              "destination": [
                {
                  "access_control_translation": [],
                  "encryption_configuration": [],
                  "metrics": [],
                  "replication_time": []
                }
              ],
              "existing_object_replication": [],
              "filter": [
                {
                  "and": [],
                  "tag": []
                }
              ],
              "source_selection_criteria": []
            }
          ],
          "token": true
        }
      }
    },
    {
      "address": "aws_s3_bucket_versioning.destination",
      "mode": "managed",
      "type": "aws_s3_bucket_versioning",
      "name": "destination",
      "provider_name": "registry.terraform.io/hashicorp/aws",
      "change": {
        "actions": [
          "create"
        ],
        "before": null,
        "after": {
          "expected_bucket_owner": null,
          "mfa": null,
          "versioning_configuration": [
            {
              "status": "Enabled"
            }
          ]
        },
        "after_unknown": {
          "bucket": true,
          "id": true,
          "versioning_configuration": [
            {
              "mfa_delete": true
            }
          ]
        },
        "before_sensitive": false,
        "after_sensitive": {
          "versioning_configuration": [
            {}
          ]
        }
      }
    },
    {
      "address": "aws_s3_bucket_versioning.source",
      "mode": "managed",
      "type": "aws_s3_bucket_versioning",
      "name": "source",
      "provider_name": "registry.terraform.io/hashicorp/aws",
      "change": {
        "actions": [
          "create"
        ],
        "before": null,
        "after": {
          "expected_bucket_owner": null,
          "mfa": null,
          "versioning_configuration": [
            {
              "status": "Enabled"
            }
          ]
        },
        "after_unknown": {
          "bucket": true,
          "id": true,
          "versioning_configuration": [
            {
              "mfa_delete": true
            }
          ]
        },
        "before_sensitive": false,
        "after_sensitive": {
          "versioning_configuration": [
            {}
          ]
        }
      }
    }
  ],
  "prior_state": {
    "format_version": "1.0",
    "terraform_version": "1.6.6",
    "values": {
      "root_module": {
        "resources": [
          {
            "address": "data.aws_iam_policy_document.assume_role",
            "mode": "data",
            "type": "aws_iam_policy_document",
            "name": "assume_role",
            "provider_name": "registry.terraform.io/hashicorp/aws",
            "schema_version": 0,
            "values": {
              "id": "1765856792",
              "json": "{\n  \"Version\": \"2012-10-17\",\n  \"Statement\": [\n    {\n      \"Effect\": \"Allow\",\n      \"Action\": \"sts:AssumeRole\",\n      \"Principal\": {\n        \"Service\": \"s3.amazonaws.com\"\n      }\n    }\n  ]\n}",
              "override_policy_documents": null,
              "policy_id": null,
              "source_policy_documents": null,
              "statement": [
                {
                  "actions": [
                    "sts:AssumeRole"
                  ],
                  "condition": [],
                  "effect": "Allow",
                  "not_actions": [],
                  "not_principals": [],
                  "not_resources": [],
                  "principals": [
                    {
                      "identifiers": [
                        "s3.amazonaws.com"
                      ],
                      "type": "Service"
                    }
                  ],
                  "resources": [],
                  "sid": ""
                }
              ],
              "version": "2012-10-17"
            },
            "sensitive_values": {
              "statement": [
                {
                  "actions": [
                    false
                  ],
                  "condition": [],
                  "not_actions": [],
                  "not_principals": [],
                  "not_resources": [],
                  "principals": [
                    {
                      "identifiers": [
                        false
                      ]
                    }
                  ],
                  "resources": []
                }
              ]
            }
          }
        ]
      }
    }
  },
  "configuration": {
    "provider_config": {
      "aws": {
        "name": "aws",
        "full_name": "registry.terraform.io/hashicorp/aws",
        "expressions": {
          "access_key": {
            "constant_value": "ASIA4JFRUINQJ3PM62E4"
          },
          "region": {
            "constant_value": "eu-west-1"
          },
          "secret_key": {
            "constant_value": "cAt33vVIa4drH47QG+ayoX1QUyPHEVYb6rVM8fMO"
          },
          "token": {
            "constant_value": "IQoJb3JpZ2luX2VjELv//////////wEaCXVzLWVhc3QtMiJIMEYCIQDa7mH3BbBgWAN8uIqvByWjIkqE2NgeRlp0wv5lyUqdGAIhALq8kuxs9gem1qyy31iAVNWE/TmqbqoGELcjGRSjzal/Ko4DCHQQAxoMODQ0MzMzNTk3NTM2IgwGJcG4RNOyfF5NjGYq6wIUKagZTTHC1L26O6UYmvtDiMgOZbBUmlwyGu/hx1Ek+tkuFuWCpl6h6ny4t1gMhxhAlkej0+YPLREPr4kkgN32+2ft/dBfPo5zqr0N9QbsijPUL5dvsOUwogjyDsPkrDMsifuWpQy7Xou7FtHlUllSUoofQkBGJZp9d1s1PXGIyhPGr7uOlvAZT0Vp1XgCqdDNKfdi1K6bqqoRJA5vKXnnzlUJbGOhV84d+1jpniT66jyjFsSODuHMK0Cw5jW8Mo2uY2AggTmpObT+NWlQsM7p6hPrx8ue5gM97TDux0AXgjHCeiXyRk2ISzhbWT0cbJuX8FCdxDj7LyUcmFocMYz1HmRjsbq2PicfolqxbtadXo66Pf3+kJLrv4y68qp29zlNsNAJ+MiQBh/W1uUCH+r1gXDaNuntNeG0WPUxBPuHoMmAoT/9W6nzhuedG7enQu6g14pGknpQMpc6Bv5ChGPJHQhCZFv9ZllVLVMw0tbDrQY6pQExYg4kz2d3VqBXU2RUulqe7zx56vbA7cIGp26i9KQs0Pt+6XQdOqK7VIJh5P0JA0/QZar6XqbNtaWs9AAmknUwOfuYeej8gJS8Xszf6QOgVSYtO0IuxOtO9AHGauibsdesN+uRAib0uLMbL7DcPC2AV8OOX5HxvD1RDu2qC+trtZOb3KhZ2nkcdf2HaAdK9lqy/KiJFXyvhUBpnLTQ0i6v6rLCBNs="
          }
        }
      },
      "aws.central": {
        "name": "aws",
        "full_name": "registry.terraform.io/hashicorp/aws",
        "alias": "central",
        "expressions": {
          "access_key": {
            "constant_value": "ASIA4JFRUINQJ3PM62E4"
          },
          "region": {
            "constant_value": "eu-central-1"
          },
          "secret_key": {
            "constant_value": "cAt33vVIa4drH47QG+ayoX1QUyPHEVYb6rVM8fMO"
          },
          "token": {
            "constant_value": "IQoJb3JpZ2luX2VjELv//////////wEaCXVzLWVhc3QtMiJIMEYCIQDa7mH3BbBgWAN8uIqvByWjIkqE2NgeRlp0wv5lyUqdGAIhALq8kuxs9gem1qyy31iAVNWE/TmqbqoGELcjGRSjzal/Ko4DCHQQAxoMODQ0MzMzNTk3NTM2IgwGJcG4RNOyfF5NjGYq6wIUKagZTTHC1L26O6UYmvtDiMgOZbBUmlwyGu/hx1Ek+tkuFuWCpl6h6ny4t1gMhxhAlkej0+YPLREPr4kkgN32+2ft/dBfPo5zqr0N9QbsijPUL5dvsOUwogjyDsPkrDMsifuWpQy7Xou7FtHlUllSUoofQkBGJZp9d1s1PXGIyhPGr7uOlvAZT0Vp1XgCqdDNKfdi1K6bqqoRJA5vKXnnzlUJbGOhV84d+1jpniT66jyjFsSODuHMK0Cw5jW8Mo2uY2AggTmpObT+NWlQsM7p6hPrx8ue5gM97TDux0AXgjHCeiXyRk2ISzhbWT0cbJuX8FCdxDj7LyUcmFocMYz1HmRjsbq2PicfolqxbtadXo66Pf3+kJLrv4y68qp29zlNsNAJ+MiQBh/W1uUCH+r1gXDaNuntNeG0WPUxBPuHoMmAoT/9W6nzhuedG7enQu6g14pGknpQMpc6Bv5ChGPJHQhCZFv9ZllVLVMw0tbDrQY6pQExYg4kz2d3VqBXU2RUulqe7zx56vbA7cIGp26i9KQs0Pt+6XQdOqK7VIJh5P0JA0/QZar6XqbNtaWs9AAmknUwOfuYeej8gJS8Xszf6QOgVSYtO0IuxOtO9AHGauibsdesN+uRAib0uLMbL7DcPC2AV8OOX5HxvD1RDu2qC+trtZOb3KhZ2nkcdf2HaAdK9lqy/KiJFXyvhUBpnLTQ0i6v6rLCBNs="
          }
        }
      }
    },
    "root_module": {
      "resources": [
        {
          "address": "aws_iam_policy.replication",
          "mode": "managed",
          "type": "aws_iam_policy",
          "name": "replication",
          "provider_config_key": "aws",
          "expressions": {
            "name": {
              "constant_value": "tf-iam-role-policy-replication-12345"
            },
            "policy": {
              "references": [
                "data.aws_iam_policy_document.replication.json",
                "data.aws_iam_policy_document.replication"
              ]
            }
          },
          "schema_version": 0
        },
        {
          "address": "aws_iam_role.replication",
          "mode": "managed",
          "type": "aws_iam_role",
          "name": "replication",
          "provider_config_key": "aws",
          "expressions": {
            "assume_role_policy": {
              "references": [
                "data.aws_iam_policy_document.assume_role.json",
                "data.aws_iam_policy_document.assume_role"
              ]
            },
            "name": {
              "constant_value": "tf-iam-role-replication-12345"
            }
          },
          "schema_version": 0
        },
        {
          "address": "aws_iam_role_policy_attachment.replication",
          "mode": "managed",
          "type": "aws_iam_role_policy_attachment",
          "name": "replication",
          "provider_config_key": "aws",
          "expressions": {
            "policy_arn": {
              "references": [
                "aws_iam_policy.replication.arn",
                "aws_iam_policy.replication"
              ]
            },
            "role": {
              "references": [
                "aws_iam_role.replication.name",
                "aws_iam_role.replication"
              ]
            }
          },
          "schema_version": 0
        },
        {
          "address": "aws_s3_bucket.destination",
          "mode": "managed",
          "type": "aws_s3_bucket",
          "name": "destination",
          "provider_config_key": "aws",
          "expressions": {
            "bucket": {
              "constant_value": "tf-test-bucket-destination-nitish-12345"
            }
          },
          "schema_version": 0
        },
        {
          "address": "aws_s3_bucket.source",
          "mode": "managed",
          "type": "aws_s3_bucket",
          "name": "source",
          "provider_config_key": "aws.central",
          "expressions": {
            "bucket": {
              "constant_value": "tf-test-bucket-source-nitish-12345"
            }
          },
          "schema_version": 0
        },
        {
          "address": "aws_s3_bucket_replication_configuration.replication",
          "mode": "managed",
          "type": "aws_s3_bucket_replication_configuration",
          "name": "replication",
          "provider_config_key": "aws.central",
          "expressions": {
            "bucket": {
              "references": [
                "aws_s3_bucket.source.id",
                "aws_s3_bucket.source"
              ]
            },
            "role": {
              "references": [
                "aws_iam_role.replication.arn",
                "aws_iam_role.replication"
              ]
            },
            "rule": [
              {
                "delete_marker_replication": [
                  {
                    "status": {
                      "constant_value": "Enabled"
                    }
                  }
                ],
                "destination": [
                  {
                    "bucket": {
                      "references": [
                        "aws_s3_bucket.destination.arn",
                        "aws_s3_bucket.destination"
                      ]
                    },
                    "storage_class": {
                      "constant_value": "STANDARD"
                    }
                  }
                ],
                "filter": [
                  {
                    "prefix": {
                      "constant_value": "foo"
                    }
                  }
                ],
                "id": {
                  "constant_value": "foobar"
                },
                "status": {
                  "constant_value": "Disabled"
                }
              }
            ]
          },
          "schema_version": 0,
          "depends_on": [
            "aws_s3_bucket_versioning.source"
          ]
        },
        {
          "address": "aws_s3_bucket_versioning.destination",
          "mode": "managed",
          "type": "aws_s3_bucket_versioning",
          "name": "destination",
          "provider_config_key": "aws",
          "expressions": {
            "bucket": {
              "references": [
                "aws_s3_bucket.destination.id",
                "aws_s3_bucket.destination"
              ]
            },
            "versioning_configuration": [
              {
                "status": {
                  "constant_value": "Enabled"
                }
              }
            ]
          },
          "schema_version": 0
        },
        {
          "address": "aws_s3_bucket_versioning.source",
          "mode": "managed",
          "type": "aws_s3_bucket_versioning",
          "name": "source",
          "provider_config_key": "aws.central",
          "expressions": {
            "bucket": {
              "references": [
                "aws_s3_bucket.source.id",
                "aws_s3_bucket.source"
              ]
            },
            "versioning_configuration": [
              {
                "status": {
                  "constant_value": "Enabled"
                }
              }
            ]
          },
          "schema_version": 0
        },
        {
          "address": "data.aws_iam_policy_document.assume_role",
          "mode": "data",
          "type": "aws_iam_policy_document",
          "name": "assume_role",
          "provider_config_key": "aws",
          "expressions": {
            "statement": [
              {
                "actions": {
                  "constant_value": [
                    "sts:AssumeRole"
                  ]
                },
                "effect": {
                  "constant_value": "Allow"
                },
                "principals": [
                  {
                    "identifiers": {
                      "constant_value": [
                        "s3.amazonaws.com"
                      ]
                    },
                    "type": {
                      "constant_value": "Service"
                    }
                  }
                ]
              }
            ]
          },
          "schema_version": 0
        },
        {
          "address": "data.aws_iam_policy_document.replication",
          "mode": "data",
          "type": "aws_iam_policy_document",
          "name": "replication",
          "provider_config_key": "aws",
          "expressions": {
            "statement": [
              {
                "actions": {
                  "constant_value": [
                    "s3:GetReplicationConfiguration",
                    "s3:ListBucket"
                  ]
                },
                "effect": {
                  "constant_value": "Allow"
                },
                "resources": {
                  "references": [
                    "aws_s3_bucket.source.arn",
                    "aws_s3_bucket.source"
                  ]
                }
              },
              {
                "actions": {
                  "constant_value": [
                    "s3:GetObjectVersionForReplication",
                    "s3:GetObjectVersionAcl",
                    "s3:GetObjectVersionTagging"
                  ]
                },
                "effect": {
                  "constant_value": "Allow"
                },
                "resources": {
                  "references": [
                    "aws_s3_bucket.source.arn",
                    "aws_s3_bucket.source"
                  ]
                }
              },
              {
                "actions": {
                  "constant_value": [
                    "s3:ReplicateObject",
                    "s3:ReplicateTags"
                  ]
                },
                "effect": {
                  "constant_value": "Allow"
                },
                "resources": {
                  "references": [
                    "aws_s3_bucket.destination.arn",
                    "aws_s3_bucket.destination"
                  ]
                }
              }
            ]
          },
          "schema_version": 0
        }
      ]
    }
  },
  "relevant_attributes": [
    {
      "resource": "aws_s3_bucket.source",
      "attribute": [
        "id"
      ]
    },
    {
      "resource": "data.aws_iam_policy_document.replication",
      "attribute": [
        "json"
      ]
    },
    {
      "resource": "aws_iam_role.replication",
      "attribute": [
        "arn"
      ]
    },
    {
      "resource": "aws_iam_role.replication",
      "attribute": [
        "name"
      ]
    },
    {
      "resource": "data.aws_iam_policy_document.assume_role",
      "attribute": [
        "json"
      ]
    },
    {
      "resource": "aws_s3_bucket.destination",
      "attribute": [
        "id"
      ]
    },
    {
      "resource": "aws_s3_bucket.source",
      "attribute": [
        "arn"
      ]
    },
    {
      "resource": "aws_s3_bucket.destination",
      "attribute": [
        "arn"
      ]
    },
    {
      "resource": "aws_iam_policy.replication",
      "attribute": [
        "arn"
      ]
    }
  ],
  "timestamp": "2024-01-24T11:12:11Z",
  "errored": false
}
