{
  "format_version": "1.2",
  "terraform_version": "1.9.2",
  "planned_values": {
    "root_module": {
      "resources": [
        {
          "address": "aws_db_instance.bad_mysql_instance",
          "mode": "managed",
          "type": "aws_db_instance",
          "name": "bad_mysql_instance",
          "provider_name": "registry.terraform.io/hashicorp/aws",
          "schema_version": 2,
          "values": {
            "allocated_storage": 5,
            "allow_major_version_upgrade": null,
            "apply_immediately": false,
            "auto_minor_version_upgrade": true,
            "blue_green_update": [],
            "copy_tags_to_snapshot": false,
            "custom_iam_instance_profile": null,
            "customer_owned_ip_enabled": null,
            "dedicated_log_volume": false,
            "delete_automated_backups": true,
            "deletion_protection": null,
            "domain": null,
            "domain_auth_secret_arn": null,
            "domain_dns_ips": null,
            "domain_iam_role_name": null,
            "domain_ou": null,
            "enabled_cloudwatch_logs_exports": null,
            "engine": "mysql",
            "final_snapshot_identifier": null,
            "iam_database_authentication_enabled": null,
            "identifier": "bad-mysql-instance-02",
            "instance_class": "db.t3.micro",
            "manage_master_user_password": null,
            "max_allocated_storage": null,
            "monitoring_interval": 0,
            "password": "secret99",
            "performance_insights_enabled": false,
            "publicly_accessible": false,
            "replicate_source_db": null,
            "restore_to_point_in_time": [],
            "s3_import": [],
            "skip_final_snapshot": true,
            "storage_encrypted": null,
            "tags": null,
            "timeouts": null,
            "upgrade_storage_config": null,
            "username": "admin"
          },
          "sensitive_values": {
            "blue_green_update": [],
            "listener_endpoint": [],
            "master_user_secret": [],
            "password": true,
            "replicas": [],
            "restore_to_point_in_time": [],
            "s3_import": [],
            "tags_all": {},
            "vpc_security_group_ids": []
          }
        }
      ]
    }
  },
  "resource_changes": [
    {
      "address": "aws_db_instance.bad_mysql_instance",
      "mode": "managed",
      "type": "aws_db_instance",
      "name": "bad_mysql_instance",
      "provider_name": "registry.terraform.io/hashicorp/aws",
      "change": {
        "actions": [
          "create"
        ],
        "before": null,
        "after": {
          "allocated_storage": 5,
          "allow_major_version_upgrade": null,
          "apply_immediately": false,
          "auto_minor_version_upgrade": true,
          "blue_green_update": [],
          "copy_tags_to_snapshot": false,
          "custom_iam_instance_profile": null,
          "customer_owned_ip_enabled": null,
          "dedicated_log_volume": false,
          "delete_automated_backups": true,
          "deletion_protection": null,
          "domain": null,
          "domain_auth_secret_arn": null,
          "domain_dns_ips": null,
          "domain_iam_role_name": null,
          "domain_ou": null,
          "enabled_cloudwatch_logs_exports": null,
          "engine": "mysql",
          "final_snapshot_identifier": null,
          "iam_database_authentication_enabled": null,
          "identifier": "bad-mysql-instance-02",
          "instance_class": "db.t3.micro",
          "manage_master_user_password": null,
          "max_allocated_storage": null,
          "monitoring_interval": 0,
          "password": "secret99",
          "performance_insights_enabled": false,
          "publicly_accessible": false,
          "replicate_source_db": null,
          "restore_to_point_in_time": [],
          "s3_import": [],
          "skip_final_snapshot": true,
          "storage_encrypted": null,
          "tags": null,
          "timeouts": null,
          "upgrade_storage_config": null,
          "username": "admin"
        },
        "after_unknown": {
          "address": true,
          "arn": true,
          "availability_zone": true,
          "backup_retention_period": true,
          "backup_target": true,
          "backup_window": true,
          "blue_green_update": [],
          "ca_cert_identifier": true,
          "character_set_name": true,
          "db_name": true,
          "db_subnet_group_name": true,
          "domain_fqdn": true,
          "endpoint": true,
          "engine_lifecycle_support": true,
          "engine_version": true,
          "engine_version_actual": true,
          "hosted_zone_id": true,
          "id": true,
          "identifier_prefix": true,
          "iops": true,
          "kms_key_id": true,
          "latest_restorable_time": true,
          "license_model": true,
          "listener_endpoint": true,
          "maintenance_window": true,
          "master_user_secret": true,
          "master_user_secret_kms_key_id": true,
          "monitoring_role_arn": true,
          "multi_az": true,
          "nchar_character_set_name": true,
          "network_type": true,
          "option_group_name": true,
          "parameter_group_name": true,
          "performance_insights_kms_key_id": true,
          "performance_insights_retention_period": true,
          "port": true,
          "replica_mode": true,
          "replicas": true,
          "resource_id": true,
          "restore_to_point_in_time": [],
          "s3_import": [],
          "snapshot_identifier": true,
          "status": true,
          "storage_throughput": true,
          "storage_type": true,
          "tags_all": true,
          "timezone": true,
          "vpc_security_group_ids": true
        },
        "before_sensitive": false,
        "after_sensitive": {
          "blue_green_update": [],
          "listener_endpoint": [],
          "master_user_secret": [],
          "password": true,
          "replicas": [],
          "restore_to_point_in_time": [],
          "s3_import": [],
          "tags_all": {},
          "vpc_security_group_ids": []
        }
      }
    }
  ],
  "configuration": {
    "provider_config": {
      "aws": {
        "name": "aws",
        "full_name": "registry.terraform.io/hashicorp/aws",
        "version_constraint": ">= 5.32.0",
        "expressions": {
          "region": {
            "constant_value": "us-west-2"
          }
        }
      }
    },
    "root_module": {
      "resources": [
        {
          "address": "aws_db_instance.bad_mysql_instance",
          "mode": "managed",
          "type": "aws_db_instance",
          "name": "bad_mysql_instance",
          "provider_config_key": "aws",
          "expressions": {
            "allocated_storage": {
              "constant_value": 5
            },
            "engine": {
              "constant_value": "mysql"
            },
            "identifier": {
              "constant_value": "bad-mysql-instance-02"
            },
            "instance_class": {
              "constant_value": "db.t3.micro"
            },
            "password": {
              "constant_value": "secret99"
            },
            "skip_final_snapshot": {
              "constant_value": true
            },
            "username": {
              "constant_value": "admin"
            }
          },
          "schema_version": 2
        }
      ]
    }
  },
  "timestamp": "2024-10-01T11:10:35Z",
  "applyable": true,
  "complete": true,
  "errored": false
}
