{
  "format_version": "1.2",
  "terraform_version": "1.6.6",
  "planned_values": {
    "root_module": {
      "resources": [
        {
          "address": "aws_s3_bucket.example",
          "mode": "managed",
          "type": "aws_s3_bucket",
          "name": "example",
          "provider_name": "registry.terraform.io/hashicorp/aws",
          "schema_version": 0,
          "values": {
            "bucket": "test-bucket-demo-19012003",
            "force_destroy": false,
            "tags": null,
            "timeouts": null
          },
          "sensitive_values": {
            "cors_rule": [],
            "grant": [],
            "lifecycle_rule": [],
            "logging": [],
            "object_lock_configuration": [],
            "replication_configuration": [],
            "server_side_encryption_configuration": [],
            "tags_all": {},
            "versioning": [],
            "website": []
          }
        },
        {
          "address": "aws_s3_bucket_ownership_controls.example",
          "mode": "managed",
          "type": "aws_s3_bucket_ownership_controls",
          "name": "example",
          "provider_name": "registry.terraform.io/hashicorp/aws",
          "schema_version": 0,
          "values": {
            "rule": [
              {
                "object_ownership": "ObjectWriter"
              }
            ]
          },
          "sensitive_values": {
            "rule": [
              {}
            ]
          }
        }
      ]
    }
  },
  "resource_changes": [
    {
      "address": "aws_s3_bucket.example",
      "mode": "managed",
      "type": "aws_s3_bucket",
      "name": "example",
      "provider_name": "registry.terraform.io/hashicorp/aws",
      "change": {
        "actions": [
          "create"
        ],
        "before": null,
        "after": {
          "bucket": "test-bucket-demo-19012003",
          "force_destroy": false,
          "tags": null,
          "timeouts": null
        },
        "after_unknown": {
          "acceleration_status": true,
          "acl": true,
          "arn": true,
          "bucket_domain_name": true,
          "bucket_prefix": true,
          "bucket_regional_domain_name": true,
          "cors_rule": true,
          "grant": true,
          "hosted_zone_id": true,
          "id": true,
          "lifecycle_rule": true,
          "logging": true,
          "object_lock_configuration": true,
          "object_lock_enabled": true,
          "policy": true,
          "region": true,
          "replication_configuration": true,
          "request_payer": true,
          "server_side_encryption_configuration": true,
          "tags_all": true,
          "versioning": true,
          "website": true,
          "website_domain": true,
          "website_endpoint": true
        },
        "before_sensitive": false,
        "after_sensitive": {
          "cors_rule": [],
          "grant": [],
          "lifecycle_rule": [],
          "logging": [],
          "object_lock_configuration": [],
          "replication_configuration": [],
          "server_side_encryption_configuration": [],
          "tags_all": {},
          "versioning": [],
          "website": []
        }
      }
    },
    {
      "address": "aws_s3_bucket_ownership_controls.example",
      "mode": "managed",
      "type": "aws_s3_bucket_ownership_controls",
      "name": "example",
      "provider_name": "registry.terraform.io/hashicorp/aws",
      "change": {
        "actions": [
          "create"
        ],
        "before": null,
        "after": {
          "rule": [
            {
              "object_ownership": "ObjectWriter"
            }
          ]
        },
        "after_unknown": {
          "bucket": true,
          "id": true,
          "rule": [
            {}
          ]
        },
        "before_sensitive": false,
        "after_sensitive": {
          "rule": [
            {}
          ]
        }
      }
    }
  ],
  "configuration": {
    "provider_config": {
      "aws": {
        "name": "aws",
        "full_name": "registry.terraform.io/hashicorp/aws",
        "version_constraint": "~> 4.16",
        "expressions": {
          "access_key": {
            "constant_value": "ASIA4JFRUINQKAVMFJ7T"
          },
          "region": {
            "constant_value": "us-west-2"
          },
          "secret_key": {
            "constant_value": "uxBT1k1aAgnKzy7NImgwdi7qV6dXDSwAYnJWF/aX"
          },
          "token": {
            "constant_value": "IQoJb3JpZ2luX2VjEEUaCXVzLWVhc3QtMiJHMEUCIAICuzfK4ZNXCHP0EBkv8ALykBK4hyEx2NYKvS042jaEAiEA4FyWjJhlfKhG0TE/Pq4ncnbyXNvnLxjjKvDdWF/pdiUqlwMI7v//////////ARADGgw4NDQzMzM1OTc1MzYiDIKBtCpjoZwAp7xp8CrrAoYMvkPMq0StJ88kQUWSscOSDrbeNulBAMp06U3GtCJkG0S/FNtWWB12QnL0Xq68oqU58bmWn7IRHVQba4L+NzVjSaacpAXld7rrdl0NqfUAyTxQFDMMvg6vQATaK4luZDcMJnkYMoKcFXsMVORy2/l030uimnAJK3fPvGzhx7Imhd81sc5f4CXNrIKZBckthb/8UiSZqeW4uBqgGHR4oi5PCiARl8t8tHVw7+wnOemTO5+wyGnz/ymtAfDfEzObS1sZhasenH80eJ5pQn6y42RPtied6QkRgWaMID/WcWDRsxmTPRxecMqazpwXv9QvoVR1uUqxR1JUi/UW+aAmiFKKOUTQ0F/18XOm0Qg9aQ58rdj50qyZAtcAuTIw+jhkaZmZUk7ilr3NiUKmzihbkPtc6uIHAcptwAdwecy3ToaSBNA9jGbGSzHUgP8MUDqWzH60C6CqFeI+6BxL/5BtGZ/Iw2eYP6Jz2H+WITC37qmtBjqmAeYz9W8WtP0+Qwupx9tAQx0/JTeSN9Kx2HvjNMZRAo8U2ir3aOqHL1EdwNpNJjI70j/a+TvJIh3ePc+zCJQGX5j8eWhW6ZTo97/xCmOnQ+lffAANa9+kcpXBrceWuKmiUWMHwYpoLaw0S8RkrTRt6H1W+HFR857h1TRLzKOj4PrD7x3mkBeeyPQzbW+xpc4Oq8Yy6r0Py7BnU+pO+CrT26pgTUQP6mc="
          }
        }
      }
    },
    "root_module": {
      "resources": [
        {
          "address": "aws_s3_bucket.example",
          "mode": "managed",
          "type": "aws_s3_bucket",
          "name": "example",
          "provider_config_key": "aws",
          "expressions": {
            "bucket": {
              "constant_value": "test-bucket-demo-19012003"
            }
          },
          "schema_version": 0
        },
        {
          "address": "aws_s3_bucket_ownership_controls.example",
          "mode": "managed",
          "type": "aws_s3_bucket_ownership_controls",
          "name": "example",
          "provider_config_key": "aws",
          "expressions": {
            "bucket": {
              "references": [
                "aws_s3_bucket.example.id",
                "aws_s3_bucket.example"
              ]
            },
            "rule": [
              {
                "object_ownership": {
                  "constant_value": "ObjectWriter"
                }
              }
            ]
          },
          "schema_version": 0
        }
      ]
    }
  },
  "relevant_attributes": [
    {
      "resource": "aws_s3_bucket.example",
      "attribute": [
        "id"
      ]
    }
  ],
  "timestamp": "2024-01-19T13:21:17Z",
  "errored": false
}
