{
    "format_version": "1.2",
    "terraform_version": "1.7.0-dev",
    "planned_values": {
      "root_module": {
        "resources": [
          {
            "address": "aws_ecs_cluster.foo",
            "mode": "managed",
            "type": "aws_ecs_cluster",
            "name": "foo",
            "provider_name": "registry.terraform.io/hashicorp/aws",
            "schema_version": 0,
            "values": {
              "configuration": [],
              "name": "white-hart",
              "service_connect_defaults": [],
              "setting": [
                {
                  "name": "containerInsights",
                  "value": "enabled"
                }
              ],
              "tags": null
            },
            "sensitive_values": {
              "capacity_providers": [],
              "configuration": [],
              "default_capacity_provider_strategy": [],
              "service_connect_defaults": [],
              "setting": [
                {}
              ],
              "tags_all": {}
            }
          }
        ]
      }
    },
    "resource_changes": [
      {
        "address": "aws_ecs_cluster.foo",
        "mode": "managed",
        "type": "aws_ecs_cluster",
        "name": "foo",
        "provider_name": "registry.terraform.io/hashicorp/aws",
        "change": {
          "actions": [
            "create"
          ],
          "before": null,
          "after": {
            "configuration": [],
            "name": "white-hart",
            "service_connect_defaults": [],
            "setting": [
              {
                "name": "containerInsights",
                "value": "enabled"
              }
            ],
            "tags": null
          },
          "after_unknown": {
            "arn": true,
            "capacity_providers": true,
            "configuration": [],
            "default_capacity_provider_strategy": true,
            "id": true,
            "service_connect_defaults": [],
            "setting": [
              {}
            ],
            "tags_all": true
          },
          "before_sensitive": false,
          "after_sensitive": {
            "capacity_providers": [],
            "configuration": [],
            "default_capacity_provider_strategy": [],
            "service_connect_defaults": [],
            "setting": [
              {}
            ],
            "tags_all": {}
          }
        }
      }
    ],
    "configuration": {
      "provider_config": {
        "aws": {
          "name": "aws",
          "full_name": "registry.terraform.io/hashicorp/aws",
          "version_constraint": "~> 4.0",
          "expressions": {
            "region": {
              "constant_value": "us-west-1"
            }
          }
        },
        "docker": {
          "name": "docker",
          "full_name": "registry.terraform.io/kreuzwerker/docker",
          "version_constraint": "~> 2.20.0"
        }
      },
      "root_module": {
        "resources": [
          {
            "address": "aws_ecs_cluster.foo",
            "mode": "managed",
            "type": "aws_ecs_cluster",
            "name": "foo",
            "provider_config_key": "aws",
            "expressions": {
              "name": {
                "constant_value": "white-hart"
              },
              "setting": [
                {
                  "name": {
                    "constant_value": "containerInsights"
                  },
                  "value": {
                    "constant_value": "enabled"
                  }
                }
              ]
            },
            "schema_version": 0
          }
        ]
      }
    },
    "timestamp": "2024-01-18T15:48:00Z",
    "errored": false
  }
